// !$*UTF8*$!
{
	archiveVersion = 1;
	classes = {
	};
	objectVersion = 55;
	objects = {

/* Begin PBXBuildFile section */
		5702F6DE2895F78900839667 /* CheckOutRouter.swift in Sources */ = {isa = PBXBuildFile; fileRef = 5702F6DB2895F78900839667 /* CheckOutRouter.swift */; };
		5702F6DF2895F78900839667 /* CheckOutViewController.swift in Sources */ = {isa = PBXBuildFile; fileRef = 5702F6DC2895F78900839667 /* CheckOutViewController.swift */; };
		5702F6E02895F78900839667 /* CheckOutViewModel.swift in Sources */ = {isa = PBXBuildFile; fileRef = 5702F6DD2895F78900839667 /* CheckOutViewModel.swift */; };
		5702F6E22895F7AC00839667 /* CheckOutRoute.swift in Sources */ = {isa = PBXBuildFile; fileRef = 5702F6E12895F7AC00839667 /* CheckOutRoute.swift */; };
		57E8DF212893637600EF7490 /* HomeRouter.swift in Sources */ = {isa = PBXBuildFile; fileRef = 57E8DF1E2893637600EF7490 /* HomeRouter.swift */; };
		57E8DF222893637600EF7490 /* HomeViewController.swift in Sources */ = {isa = PBXBuildFile; fileRef = 57E8DF1F2893637600EF7490 /* HomeViewController.swift */; };
		57E8DF232893637600EF7490 /* HomeViewModel.swift in Sources */ = {isa = PBXBuildFile; fileRef = 57E8DF202893637600EF7490 /* HomeViewModel.swift */; };
		57E8DF25289363A600EF7490 /* HomeRoute.swift in Sources */ = {isa = PBXBuildFile; fileRef = 57E8DF24289363A600EF7490 /* HomeRoute.swift */; };
		D95248EAEBA687E4703AAB63 /* Pods_applogist_case.framework in Frameworks */ = {isa = PBXBuildFile; fileRef = CA8B84764E7F944C8375056F /* Pods_applogist_case.framework */; };
		FE4262722825A6A8009CCA73 /* AppDelegate.swift in Sources */ = {isa = PBXBuildFile; fileRef = FE42626E2825A6A8009CCA73 /* AppDelegate.swift */; };
		FE4262782825A6D9009CCA73 /* DataProvider.swift in Sources */ = {isa = PBXBuildFile; fileRef = FE4262752825A6D9009CCA73 /* DataProvider.swift */; };
		FE4262792825A6D9009CCA73 /* APILogger.swift in Sources */ = {isa = PBXBuildFile; fileRef = FE4262762825A6D9009CCA73 /* APILogger.swift */; };
		FE42627A2825A6D9009CCA73 /* APIRequestInterceptor.swift in Sources */ = {isa = PBXBuildFile; fileRef = FE4262772825A6D9009CCA73 /* APIRequestInterceptor.swift */; };
		FE42628E2825A73F009CCA73 /* Animator.swift in Sources */ = {isa = PBXBuildFile; fileRef = FE42627D2825A73F009CCA73 /* Animator.swift */; };
		FE42628F2825A73F009CCA73 /* Router.swift in Sources */ = {isa = PBXBuildFile; fileRef = FE42627E2825A73F009CCA73 /* Router.swift */; };
		FE4262902825A73F009CCA73 /* ModalTransition.swift in Sources */ = {isa = PBXBuildFile; fileRef = FE4262802825A73F009CCA73 /* ModalTransition.swift */; };
		FE4262912825A73F009CCA73 /* SetRootViewControllerTransition.swift in Sources */ = {isa = PBXBuildFile; fileRef = FE4262812825A73F009CCA73 /* SetRootViewControllerTransition.swift */; };
		FE4262922825A73F009CCA73 /* PlaceOnWindow.swift in Sources */ = {isa = PBXBuildFile; fileRef = FE4262822825A73F009CCA73 /* PlaceOnWindow.swift */; };
		FE4262932825A73F009CCA73 /* Transition.swift in Sources */ = {isa = PBXBuildFile; fileRef = FE4262832825A73F009CCA73 /* Transition.swift */; };
		FE4262942825A73F009CCA73 /* PushTransition.swift in Sources */ = {isa = PBXBuildFile; fileRef = FE4262842825A73F009CCA73 /* PushTransition.swift */; };
		FE4262972825A73F009CCA73 /* PopToBack.swift in Sources */ = {isa = PBXBuildFile; fileRef = FE4262892825A73F009CCA73 /* PopToBack.swift */; };
		FE4262982825A73F009CCA73 /* AppRouter.swift in Sources */ = {isa = PBXBuildFile; fileRef = FE42628A2825A73F009CCA73 /* AppRouter.swift */; };
		FE4262992825A73F009CCA73 /* PopToViewController.swift in Sources */ = {isa = PBXBuildFile; fileRef = FE42628B2825A73F009CCA73 /* PopToViewController.swift */; };
		FE42629A2825A73F009CCA73 /* DismissableRoute.swift in Sources */ = {isa = PBXBuildFile; fileRef = FE42628C2825A73F009CCA73 /* DismissableRoute.swift */; };
		FE42629B2825A73F009CCA73 /* PopToRoute.swift in Sources */ = {isa = PBXBuildFile; fileRef = FE42628D2825A73F009CCA73 /* PopToRoute.swift */; };
		FE4262B12825A87B009CCA73 /* BaseViewModel.swift in Sources */ = {isa = PBXBuildFile; fileRef = FE4262A92825A87B009CCA73 /* BaseViewModel.swift */; };
		FE4262B22825A87B009CCA73 /* ModalNavigationController.swift in Sources */ = {isa = PBXBuildFile; fileRef = FE4262AB2825A87B009CCA73 /* ModalNavigationController.swift */; };
		FE4262B32825A87B009CCA73 /* CleanNavigationController.swift in Sources */ = {isa = PBXBuildFile; fileRef = FE4262AC2825A87B009CCA73 /* CleanNavigationController.swift */; };
		FE4262B42825A87B009CCA73 /* BaseNavigationController.swift in Sources */ = {isa = PBXBuildFile; fileRef = FE4262AD2825A87B009CCA73 /* BaseNavigationController.swift */; };
		FE4262B62825A87B009CCA73 /* BaseViewController.swift in Sources */ = {isa = PBXBuildFile; fileRef = FE4262B02825A87B009CCA73 /* BaseViewController.swift */; };
		FE7347F527E715A60019DB4F /* DataProvider.framework in Frameworks */ = {isa = PBXBuildFile; fileRef = FE7347F427E715A60019DB4F /* DataProvider.framework */; };
		FE7347F627E715A60019DB4F /* DataProvider.framework in Embed Frameworks */ = {isa = PBXBuildFile; fileRef = FE7347F427E715A60019DB4F /* DataProvider.framework */; settings = {ATTRIBUTES = (CodeSignOnCopy, RemoveHeadersOnCopy, ); }; };
		FE7347F927E715AA0019DB4F /* UIComponents.framework in Frameworks */ = {isa = PBXBuildFile; fileRef = FE7347F827E715AA0019DB4F /* UIComponents.framework */; };
		FE7347FA27E715AA0019DB4F /* UIComponents.framework in Embed Frameworks */ = {isa = PBXBuildFile; fileRef = FE7347F827E715AA0019DB4F /* UIComponents.framework */; settings = {ATTRIBUTES = (CodeSignOnCopy, RemoveHeadersOnCopy, ); }; };
		FE7347FC27E715AD0019DB4F /* Utilities.framework in Frameworks */ = {isa = PBXBuildFile; fileRef = FE7347FB27E715AD0019DB4F /* Utilities.framework */; };
		FE7347FD27E715AD0019DB4F /* Utilities.framework in Embed Frameworks */ = {isa = PBXBuildFile; fileRef = FE7347FB27E715AD0019DB4F /* Utilities.framework */; settings = {ATTRIBUTES = (CodeSignOnCopy, RemoveHeadersOnCopy, ); }; };
		FEBA464A27E648D0009A75F9 /* iOS_Template.xcdatamodeld in Sources */ = {isa = PBXBuildFile; fileRef = FEBA464827E648D0009A75F9 /* iOS_Template.xcdatamodeld */; };
		FEBA464C27E648D1009A75F9 /* Assets.xcassets in Resources */ = {isa = PBXBuildFile; fileRef = FEBA464B27E648D1009A75F9 /* Assets.xcassets */; };
		FEBA464F27E648D1009A75F9 /* LaunchScreen.storyboard in Resources */ = {isa = PBXBuildFile; fileRef = FEBA464D27E648D1009A75F9 /* LaunchScreen.storyboard */; };
/* End PBXBuildFile section */

/* Begin PBXCopyFilesBuildPhase section */
		FE7347F727E715A60019DB4F /* Embed Frameworks */ = {
			isa = PBXCopyFilesBuildPhase;
			buildActionMask = 2147483647;
			dstPath = "";
			dstSubfolderSpec = 10;
			files = (
				FE7347FA27E715AA0019DB4F /* UIComponents.framework in Embed Frameworks */,
				FE7347FD27E715AD0019DB4F /* Utilities.framework in Embed Frameworks */,
				FE7347F627E715A60019DB4F /* DataProvider.framework in Embed Frameworks */,
			);
			name = "Embed Frameworks";
			runOnlyForDeploymentPostprocessing = 0;
		};
/* End PBXCopyFilesBuildPhase section */

/* Begin PBXFileReference section */
		3318CE87EFFD8BB596B86E1A /* Pods-applogist_case.release.xcconfig */ = {isa = PBXFileReference; includeInIndex = 1; lastKnownFileType = text.xcconfig; name = "Pods-applogist_case.release.xcconfig"; path = "Target Support Files/Pods-applogist_case/Pods-applogist_case.release.xcconfig"; sourceTree = "<group>"; };
		3BF5C5A695D8DE7D625CC7F9 /* Pods-applogist_case.debug.xcconfig */ = {isa = PBXFileReference; includeInIndex = 1; lastKnownFileType = text.xcconfig; name = "Pods-applogist_case.debug.xcconfig"; path = "Target Support Files/Pods-applogist_case/Pods-applogist_case.debug.xcconfig"; sourceTree = "<group>"; };
		5702F6DB2895F78900839667 /* CheckOutRouter.swift */ = {isa = PBXFileReference; lastKnownFileType = sourcecode.swift; path = CheckOutRouter.swift; sourceTree = "<group>"; };
		5702F6DC2895F78900839667 /* CheckOutViewController.swift */ = {isa = PBXFileReference; lastKnownFileType = sourcecode.swift; path = CheckOutViewController.swift; sourceTree = "<group>"; };
		5702F6DD2895F78900839667 /* CheckOutViewModel.swift */ = {isa = PBXFileReference; lastKnownFileType = sourcecode.swift; path = CheckOutViewModel.swift; sourceTree = "<group>"; };
		5702F6E12895F7AC00839667 /* CheckOutRoute.swift */ = {isa = PBXFileReference; lastKnownFileType = sourcecode.swift; path = CheckOutRoute.swift; sourceTree = "<group>"; };
		57E8DF1E2893637600EF7490 /* HomeRouter.swift */ = {isa = PBXFileReference; lastKnownFileType = sourcecode.swift; path = HomeRouter.swift; sourceTree = "<group>"; };
		57E8DF1F2893637600EF7490 /* HomeViewController.swift */ = {isa = PBXFileReference; lastKnownFileType = sourcecode.swift; path = HomeViewController.swift; sourceTree = "<group>"; };
		57E8DF202893637600EF7490 /* HomeViewModel.swift */ = {isa = PBXFileReference; lastKnownFileType = sourcecode.swift; path = HomeViewModel.swift; sourceTree = "<group>"; };
		57E8DF24289363A600EF7490 /* HomeRoute.swift */ = {isa = PBXFileReference; lastKnownFileType = sourcecode.swift; path = HomeRoute.swift; sourceTree = "<group>"; };
		CA8B84764E7F944C8375056F /* Pods_applogist_case.framework */ = {isa = PBXFileReference; explicitFileType = wrapper.framework; includeInIndex = 0; path = Pods_applogist_case.framework; sourceTree = BUILT_PRODUCTS_DIR; };
		FE42626E2825A6A8009CCA73 /* AppDelegate.swift */ = {isa = PBXFileReference; fileEncoding = 4; lastKnownFileType = sourcecode.swift; path = AppDelegate.swift; sourceTree = "<group>"; };
		FE4262752825A6D9009CCA73 /* DataProvider.swift */ = {isa = PBXFileReference; fileEncoding = 4; lastKnownFileType = sourcecode.swift; path = DataProvider.swift; sourceTree = "<group>"; };
		FE4262762825A6D9009CCA73 /* APILogger.swift */ = {isa = PBXFileReference; fileEncoding = 4; lastKnownFileType = sourcecode.swift; path = APILogger.swift; sourceTree = "<group>"; };
		FE4262772825A6D9009CCA73 /* APIRequestInterceptor.swift */ = {isa = PBXFileReference; fileEncoding = 4; lastKnownFileType = sourcecode.swift; path = APIRequestInterceptor.swift; sourceTree = "<group>"; };
		FE42627D2825A73F009CCA73 /* Animator.swift */ = {isa = PBXFileReference; fileEncoding = 4; lastKnownFileType = sourcecode.swift; path = Animator.swift; sourceTree = "<group>"; };
		FE42627E2825A73F009CCA73 /* Router.swift */ = {isa = PBXFileReference; fileEncoding = 4; lastKnownFileType = sourcecode.swift; path = Router.swift; sourceTree = "<group>"; };
		FE4262802825A73F009CCA73 /* ModalTransition.swift */ = {isa = PBXFileReference; fileEncoding = 4; lastKnownFileType = sourcecode.swift; path = ModalTransition.swift; sourceTree = "<group>"; };
		FE4262812825A73F009CCA73 /* SetRootViewControllerTransition.swift */ = {isa = PBXFileReference; fileEncoding = 4; lastKnownFileType = sourcecode.swift; path = SetRootViewControllerTransition.swift; sourceTree = "<group>"; };
		FE4262822825A73F009CCA73 /* PlaceOnWindow.swift */ = {isa = PBXFileReference; fileEncoding = 4; lastKnownFileType = sourcecode.swift; path = PlaceOnWindow.swift; sourceTree = "<group>"; };
		FE4262832825A73F009CCA73 /* Transition.swift */ = {isa = PBXFileReference; fileEncoding = 4; lastKnownFileType = sourcecode.swift; path = Transition.swift; sourceTree = "<group>"; };
		FE4262842825A73F009CCA73 /* PushTransition.swift */ = {isa = PBXFileReference; fileEncoding = 4; lastKnownFileType = sourcecode.swift; path = PushTransition.swift; sourceTree = "<group>"; };
		FE4262892825A73F009CCA73 /* PopToBack.swift */ = {isa = PBXFileReference; fileEncoding = 4; lastKnownFileType = sourcecode.swift; path = PopToBack.swift; sourceTree = "<group>"; };
		FE42628A2825A73F009CCA73 /* AppRouter.swift */ = {isa = PBXFileReference; fileEncoding = 4; lastKnownFileType = sourcecode.swift; path = AppRouter.swift; sourceTree = "<group>"; };
		FE42628B2825A73F009CCA73 /* PopToViewController.swift */ = {isa = PBXFileReference; fileEncoding = 4; lastKnownFileType = sourcecode.swift; path = PopToViewController.swift; sourceTree = "<group>"; };
		FE42628C2825A73F009CCA73 /* DismissableRoute.swift */ = {isa = PBXFileReference; fileEncoding = 4; lastKnownFileType = sourcecode.swift; path = DismissableRoute.swift; sourceTree = "<group>"; };
		FE42628D2825A73F009CCA73 /* PopToRoute.swift */ = {isa = PBXFileReference; fileEncoding = 4; lastKnownFileType = sourcecode.swift; path = PopToRoute.swift; sourceTree = "<group>"; };
		FE4262A92825A87B009CCA73 /* BaseViewModel.swift */ = {isa = PBXFileReference; fileEncoding = 4; lastKnownFileType = sourcecode.swift; path = BaseViewModel.swift; sourceTree = "<group>"; };
		FE4262AB2825A87B009CCA73 /* ModalNavigationController.swift */ = {isa = PBXFileReference; fileEncoding = 4; lastKnownFileType = sourcecode.swift; path = ModalNavigationController.swift; sourceTree = "<group>"; };
		FE4262AC2825A87B009CCA73 /* CleanNavigationController.swift */ = {isa = PBXFileReference; fileEncoding = 4; lastKnownFileType = sourcecode.swift; path = CleanNavigationController.swift; sourceTree = "<group>"; };
		FE4262AD2825A87B009CCA73 /* BaseNavigationController.swift */ = {isa = PBXFileReference; fileEncoding = 4; lastKnownFileType = sourcecode.swift; path = BaseNavigationController.swift; sourceTree = "<group>"; };
		FE4262B02825A87B009CCA73 /* BaseViewController.swift */ = {isa = PBXFileReference; fileEncoding = 4; lastKnownFileType = sourcecode.swift; path = BaseViewController.swift; sourceTree = "<group>"; };
		FE73479D27E714C40019DB4F /* UIComponents.framework */ = {isa = PBXFileReference; explicitFileType = wrapper.framework; path = UIComponents.framework; sourceTree = BUILT_PRODUCTS_DIR; };
		FE7347A127E714CA0019DB4F /* DataProvider.framework */ = {isa = PBXFileReference; explicitFileType = wrapper.framework; path = DataProvider.framework; sourceTree = BUILT_PRODUCTS_DIR; };
		FE7347F427E715A60019DB4F /* DataProvider.framework */ = {isa = PBXFileReference; explicitFileType = wrapper.framework; path = DataProvider.framework; sourceTree = BUILT_PRODUCTS_DIR; };
		FE7347F827E715AA0019DB4F /* UIComponents.framework */ = {isa = PBXFileReference; explicitFileType = wrapper.framework; path = UIComponents.framework; sourceTree = BUILT_PRODUCTS_DIR; };
		FE7347FB27E715AD0019DB4F /* Utilities.framework */ = {isa = PBXFileReference; explicitFileType = wrapper.framework; path = Utilities.framework; sourceTree = BUILT_PRODUCTS_DIR; };
		FE73480C27E7182A0019DB4F /* iOS-Template-Bridging-Header.h */ = {isa = PBXFileReference; lastKnownFileType = sourcecode.c.h; path = "iOS-Template-Bridging-Header.h"; sourceTree = "<group>"; };
		FEBA463C27E648D0009A75F9 /* applogist_case.app */ = {isa = PBXFileReference; explicitFileType = wrapper.application; includeInIndex = 0; path = applogist_case.app; sourceTree = BUILT_PRODUCTS_DIR; };
		FEBA464927E648D0009A75F9 /* iOS_Template.xcdatamodel */ = {isa = PBXFileReference; lastKnownFileType = wrapper.xcdatamodel; path = iOS_Template.xcdatamodel; sourceTree = "<group>"; };
		FEBA464B27E648D1009A75F9 /* Assets.xcassets */ = {isa = PBXFileReference; lastKnownFileType = folder.assetcatalog; path = Assets.xcassets; sourceTree = "<group>"; };
		FEBA464E27E648D1009A75F9 /* Base */ = {isa = PBXFileReference; lastKnownFileType = file.storyboard; name = Base; path = Base.lproj/LaunchScreen.storyboard; sourceTree = "<group>"; };
		FEBA465027E648D1009A75F9 /* Info.plist */ = {isa = PBXFileReference; lastKnownFileType = text.plist.xml; path = Info.plist; sourceTree = "<group>"; };
/* End PBXFileReference section */

/* Begin PBXFrameworksBuildPhase section */
		FEBA463927E648D0009A75F9 /* Frameworks */ = {
			isa = PBXFrameworksBuildPhase;
			buildActionMask = 2147483647;
			files = (
				FE7347F927E715AA0019DB4F /* UIComponents.framework in Frameworks */,
				FE7347F527E715A60019DB4F /* DataProvider.framework in Frameworks */,
				FE7347FC27E715AD0019DB4F /* Utilities.framework in Frameworks */,
				D95248EAEBA687E4703AAB63 /* Pods_applogist_case.framework in Frameworks */,
			);
			runOnlyForDeploymentPostprocessing = 0;
		};
/* End PBXFrameworksBuildPhase section */

/* Begin PBXGroup section */
		5702F6DA2895F77100839667 /* CheckOutView */ = {
			isa = PBXGroup;
			children = (
				5702F6DB2895F78900839667 /* CheckOutRouter.swift */,
				5702F6DC2895F78900839667 /* CheckOutViewController.swift */,
				5702F6DD2895F78900839667 /* CheckOutViewModel.swift */,
				5702F6E12895F7AC00839667 /* CheckOutRoute.swift */,
			);
			path = CheckOutView;
			sourceTree = "<group>";
		};
		57E8DF1D2893636400EF7490 /* Home */ = {
			isa = PBXGroup;
			children = (
				57E8DF1E2893637600EF7490 /* HomeRouter.swift */,
				57E8DF1F2893637600EF7490 /* HomeViewController.swift */,
				57E8DF202893637600EF7490 /* HomeViewModel.swift */,
				57E8DF24289363A600EF7490 /* HomeRoute.swift */,
			);
			path = Home;
			sourceTree = "<group>";
		};
		61CCB6795EDA5FF348F38BD1 /* Frameworks */ = {
			isa = PBXGroup;
			children = (
				FE7347FB27E715AD0019DB4F /* Utilities.framework */,
				FE7347F827E715AA0019DB4F /* UIComponents.framework */,
				FE7347F427E715A60019DB4F /* DataProvider.framework */,
				FE7347A127E714CA0019DB4F /* DataProvider.framework */,
				FE73479D27E714C40019DB4F /* UIComponents.framework */,
				CA8B84764E7F944C8375056F /* Pods_applogist_case.framework */,
			);
			name = Frameworks;
			sourceTree = "<group>";
		};
		F2ECFF5F2502586978FE9DC5 /* Pods */ = {
			isa = PBXGroup;
			children = (
				3BF5C5A695D8DE7D625CC7F9 /* Pods-applogist_case.debug.xcconfig */,
				3318CE87EFFD8BB596B86E1A /* Pods-applogist_case.release.xcconfig */,
			);
			path = Pods;
			sourceTree = "<group>";
		};
		FE42626B2825A6A8009CCA73 /* AppDelegate */ = {
			isa = PBXGroup;
			children = (
				FE42626E2825A6A8009CCA73 /* AppDelegate.swift */,
			);
			path = AppDelegate;
			sourceTree = "<group>";
		};
		FE4262742825A6D9009CCA73 /* DataProvider */ = {
			isa = PBXGroup;
			children = (
				FE4262752825A6D9009CCA73 /* DataProvider.swift */,
				FE4262762825A6D9009CCA73 /* APILogger.swift */,
				FE4262772825A6D9009CCA73 /* APIRequestInterceptor.swift */,
			);
			path = DataProvider;
			sourceTree = "<group>";
		};
		FE42627B2825A73F009CCA73 /* Routing */ = {
			isa = PBXGroup;
			children = (
				FE42627C2825A73F009CCA73 /* Core */,
				FE42627F2825A73F009CCA73 /* Transitions */,
				FE4262882825A73F009CCA73 /* Router */,
			);
			path = Routing;
			sourceTree = "<group>";
		};
		FE42627C2825A73F009CCA73 /* Core */ = {
			isa = PBXGroup;
			children = (
				FE42627D2825A73F009CCA73 /* Animator.swift */,
				FE42627E2825A73F009CCA73 /* Router.swift */,
			);
			path = Core;
			sourceTree = "<group>";
		};
		FE42627F2825A73F009CCA73 /* Transitions */ = {
			isa = PBXGroup;
			children = (
				FE4262802825A73F009CCA73 /* ModalTransition.swift */,
				FE4262812825A73F009CCA73 /* SetRootViewControllerTransition.swift */,
				FE4262822825A73F009CCA73 /* PlaceOnWindow.swift */,
				FE4262832825A73F009CCA73 /* Transition.swift */,
				FE4262842825A73F009CCA73 /* PushTransition.swift */,
			);
			path = Transitions;
			sourceTree = "<group>";
		};
		FE4262882825A73F009CCA73 /* Router */ = {
			isa = PBXGroup;
			children = (
				FE4262892825A73F009CCA73 /* PopToBack.swift */,
				FE42628A2825A73F009CCA73 /* AppRouter.swift */,
				FE42628B2825A73F009CCA73 /* PopToViewController.swift */,
				FE42628C2825A73F009CCA73 /* DismissableRoute.swift */,
				FE42628D2825A73F009CCA73 /* PopToRoute.swift */,
			);
			path = Router;
			sourceTree = "<group>";
		};
		FE42629C2825A7C0009CCA73 /* Resources */ = {
			isa = PBXGroup;
			children = (
				FEBA464B27E648D1009A75F9 /* Assets.xcassets */,
				FEBA464D27E648D1009A75F9 /* LaunchScreen.storyboard */,
			);
			path = Resources;
			sourceTree = "<group>";
		};
		FE42629D2825A7CE009CCA73 /* Scene */ = {
			isa = PBXGroup;
			children = (
				5702F6DA2895F77100839667 /* CheckOutView */,
				57E8DF1D2893636400EF7490 /* Home */,
				FE4262A72825A87B009CCA73 /* Base */,
			);
			path = Scene;
			sourceTree = "<group>";
		};
		FE4262A72825A87B009CCA73 /* Base */ = {
			isa = PBXGroup;
			children = (
				FE4262A82825A87B009CCA73 /* ViewModel */,
				FE4262AA2825A87B009CCA73 /* NavigationController */,
				FE4262AE2825A87B009CCA73 /* ViewController */,
			);
			path = Base;
			sourceTree = "<group>";
		};
		FE4262A82825A87B009CCA73 /* ViewModel */ = {
			isa = PBXGroup;
			children = (
				FE4262A92825A87B009CCA73 /* BaseViewModel.swift */,
			);
			path = ViewModel;
			sourceTree = "<group>";
		};
		FE4262AA2825A87B009CCA73 /* NavigationController */ = {
			isa = PBXGroup;
			children = (
				FE4262AB2825A87B009CCA73 /* ModalNavigationController.swift */,
				FE4262AC2825A87B009CCA73 /* CleanNavigationController.swift */,
				FE4262AD2825A87B009CCA73 /* BaseNavigationController.swift */,
			);
			path = NavigationController;
			sourceTree = "<group>";
		};
		FE4262AE2825A87B009CCA73 /* ViewController */ = {
			isa = PBXGroup;
			children = (
				FE4262B02825A87B009CCA73 /* BaseViewController.swift */,
			);
			path = ViewController;
			sourceTree = "<group>";
		};
		FE73480A27E717E40019DB4F /* Configure */ = {
			isa = PBXGroup;
			children = (
				FEBA464827E648D0009A75F9 /* iOS_Template.xcdatamodeld */,
				FEBA465027E648D1009A75F9 /* Info.plist */,
				FE73480C27E7182A0019DB4F /* iOS-Template-Bridging-Header.h */,
			);
			path = Configure;
			sourceTree = "<group>";
		};
		FEBA463327E648D0009A75F9 = {
			isa = PBXGroup;
			children = (
				FEBA463E27E648D0009A75F9 /* applogist_case */,
				FEBA463D27E648D0009A75F9 /* Products */,
				F2ECFF5F2502586978FE9DC5 /* Pods */,
				61CCB6795EDA5FF348F38BD1 /* Frameworks */,
			);
			sourceTree = "<group>";
		};
		FEBA463D27E648D0009A75F9 /* Products */ = {
			isa = PBXGroup;
			children = (
				FEBA463C27E648D0009A75F9 /* applogist_case.app */,
			);
			name = Products;
			sourceTree = "<group>";
		};
		FEBA463E27E648D0009A75F9 /* applogist_case */ = {
			isa = PBXGroup;
			children = (
				FE42629D2825A7CE009CCA73 /* Scene */,
				FE42629C2825A7C0009CCA73 /* Resources */,
				FE42627B2825A73F009CCA73 /* Routing */,
				FE4262742825A6D9009CCA73 /* DataProvider */,
				FE42626B2825A6A8009CCA73 /* AppDelegate */,
				FE73480A27E717E40019DB4F /* Configure */,
			);
			path = applogist_case;
			sourceTree = "<group>";
		};
/* End PBXGroup section */

/* Begin PBXNativeTarget section */
		FEBA463B27E648D0009A75F9 /* applogist_case */ = {
			isa = PBXNativeTarget;
			buildConfigurationList = FEBA465327E648D1009A75F9 /* Build configuration list for PBXNativeTarget "applogist_case" */;
			buildPhases = (
				548550DDACF3070B483F98B2 /* [CP] Check Pods Manifest.lock */,
				FEBA463827E648D0009A75F9 /* Sources */,
				FEBA463927E648D0009A75F9 /* Frameworks */,
				FEBA463A27E648D0009A75F9 /* Resources */,
				FE7347F727E715A60019DB4F /* Embed Frameworks */,
				DE3B9B7D66502F7A2D6EE554 /* [CP] Embed Pods Frameworks */,
			);
			buildRules = (
			);
			dependencies = (
			);
			name = applogist_case;
			productName = "iOS-Template";
			productReference = FEBA463C27E648D0009A75F9 /* applogist_case.app */;
			productType = "com.apple.product-type.application";
		};
/* End PBXNativeTarget section */

/* Begin PBXProject section */
		FEBA463427E648D0009A75F9 /* Project object */ = {
			isa = PBXProject;
			attributes = {
				BuildIndependentTargetsInParallel = 1;
				LastSwiftUpdateCheck = 1310;
				LastUpgradeCheck = 1310;
				TargetAttributes = {
					FEBA463B27E648D0009A75F9 = {
						CreatedOnToolsVersion = 13.1;
						LastSwiftMigration = 1330;
					};
				};
			};
			buildConfigurationList = FEBA463727E648D0009A75F9 /* Build configuration list for PBXProject "applogist_case" */;
			compatibilityVersion = "Xcode 13.0";
			developmentRegion = en;
			hasScannedForEncodings = 0;
			knownRegions = (
				en,
				Base,
			);
			mainGroup = FEBA463327E648D0009A75F9;
			productRefGroup = FEBA463D27E648D0009A75F9 /* Products */;
			projectDirPath = "";
			projectRoot = "";
			targets = (
				FEBA463B27E648D0009A75F9 /* applogist_case */,
			);
		};
/* End PBXProject section */

/* Begin PBXResourcesBuildPhase section */
		FEBA463A27E648D0009A75F9 /* Resources */ = {
			isa = PBXResourcesBuildPhase;
			buildActionMask = 2147483647;
			files = (
				FEBA464F27E648D1009A75F9 /* LaunchScreen.storyboard in Resources */,
				FEBA464C27E648D1009A75F9 /* Assets.xcassets in Resources */,
			);
			runOnlyForDeploymentPostprocessing = 0;
		};
/* End PBXResourcesBuildPhase section */

/* Begin PBXShellScriptBuildPhase section */
		548550DDACF3070B483F98B2 /* [CP] Check Pods Manifest.lock */ = {
			isa = PBXShellScriptBuildPhase;
			buildActionMask = 2147483647;
			files = (
			);
			inputFileListPaths = (
			);
			inputPaths = (
				"${PODS_PODFILE_DIR_PATH}/Podfile.lock",
				"${PODS_ROOT}/Manifest.lock",
			);
			name = "[CP] Check Pods Manifest.lock";
			outputFileListPaths = (
			);
			outputPaths = (
				"$(DERIVED_FILE_DIR)/Pods-applogist_case-checkManifestLockResult.txt",
			);
			runOnlyForDeploymentPostprocessing = 0;
			shellPath = /bin/sh;
			shellScript = "diff \"${PODS_PODFILE_DIR_PATH}/Podfile.lock\" \"${PODS_ROOT}/Manifest.lock\" > /dev/null\nif [ $? != 0 ] ; then\n    # print error to STDERR\n    echo \"error: The sandbox is not in sync with the Podfile.lock. Run 'pod install' or update your CocoaPods installation.\" >&2\n    exit 1\nfi\n# This output is used by Xcode 'outputs' to avoid re-running this script phase.\necho \"SUCCESS\" > \"${SCRIPT_OUTPUT_FILE_0}\"\n";
			showEnvVarsInLog = 0;
		};
		DE3B9B7D66502F7A2D6EE554 /* [CP] Embed Pods Frameworks */ = {
			isa = PBXShellScriptBuildPhase;
			buildActionMask = 2147483647;
			files = (
			);
			inputFileListPaths = (
				"${PODS_ROOT}/Target Support Files/Pods-applogist_case/Pods-applogist_case-frameworks-${CONFIGURATION}-input-files.xcfilelist",
			);
			name = "[CP] Embed Pods Frameworks";
			outputFileListPaths = (
				"${PODS_ROOT}/Target Support Files/Pods-applogist_case/Pods-applogist_case-frameworks-${CONFIGURATION}-output-files.xcfilelist",
			);
			runOnlyForDeploymentPostprocessing = 0;
			shellPath = /bin/sh;
			shellScript = "\"${PODS_ROOT}/Target Support Files/Pods-applogist_case/Pods-applogist_case-frameworks.sh\"\n";
			showEnvVarsInLog = 0;
		};
/* End PBXShellScriptBuildPhase section */

/* Begin PBXSourcesBuildPhase section */
		FEBA463827E648D0009A75F9 /* Sources */ = {
			isa = PBXSourcesBuildPhase;
			buildActionMask = 2147483647;
			files = (
				FE4262922825A73F009CCA73 /* PlaceOnWindow.swift in Sources */,
				FE4262B22825A87B009CCA73 /* ModalNavigationController.swift in Sources */,
				57E8DF222893637600EF7490 /* HomeViewController.swift in Sources */,
				57E8DF232893637600EF7490 /* HomeViewModel.swift in Sources */,
				FE42629B2825A73F009CCA73 /* PopToRoute.swift in Sources */,
				FE4262792825A6D9009CCA73 /* APILogger.swift in Sources */,
				5702F6DE2895F78900839667 /* CheckOutRouter.swift in Sources */,
				FE42627A2825A6D9009CCA73 /* APIRequestInterceptor.swift in Sources */,
				FE4262722825A6A8009CCA73 /* AppDelegate.swift in Sources */,
				FE4262B12825A87B009CCA73 /* BaseViewModel.swift in Sources */,
				FE42629A2825A73F009CCA73 /* DismissableRoute.swift in Sources */,
				FE42628F2825A73F009CCA73 /* Router.swift in Sources */,
				FE4262932825A73F009CCA73 /* Transition.swift in Sources */,
				FE42628E2825A73F009CCA73 /* Animator.swift in Sources */,
				FE4262942825A73F009CCA73 /* PushTransition.swift in Sources */,
				FE4262B32825A87B009CCA73 /* CleanNavigationController.swift in Sources */,
				FE4262992825A73F009CCA73 /* PopToViewController.swift in Sources */,
				FE4262782825A6D9009CCA73 /* DataProvider.swift in Sources */,
				5702F6E02895F78900839667 /* CheckOutViewModel.swift in Sources */,
				57E8DF212893637600EF7490 /* HomeRouter.swift in Sources */,
				FE4262912825A73F009CCA73 /* SetRootViewControllerTransition.swift in Sources */,
				FE4262902825A73F009CCA73 /* ModalTransition.swift in Sources */,
				FE4262982825A73F009CCA73 /* AppRouter.swift in Sources */,
				5702F6E22895F7AC00839667 /* CheckOutRoute.swift in Sources */,
				57E8DF25289363A600EF7490 /* HomeRoute.swift in Sources */,
				FE4262B42825A87B009CCA73 /* BaseNavigationController.swift in Sources */,
				FE4262972825A73F009CCA73 /* PopToBack.swift in Sources */,
				FEBA464A27E648D0009A75F9 /* iOS_Template.xcdatamodeld in Sources */,
				FE4262B62825A87B009CCA73 /* BaseViewController.swift in Sources */,
				5702F6DF2895F78900839667 /* CheckOutViewController.swift in Sources */,
			);
			runOnlyForDeploymentPostprocessing = 0;
		};
/* End PBXSourcesBuildPhase section */

/* Begin PBXVariantGroup section */
		FEBA464D27E648D1009A75F9 /* LaunchScreen.storyboard */ = {
			isa = PBXVariantGroup;
			children = (
				FEBA464E27E648D1009A75F9 /* Base */,
			);
			name = LaunchScreen.storyboard;
			sourceTree = "<group>";
		};
/* End PBXVariantGroup section */

/* Begin XCBuildConfiguration section */
		FEBA465127E648D1009A75F9 /* Debug */ = {
			isa = XCBuildConfiguration;
			buildSettings = {
				ALWAYS_SEARCH_USER_PATHS = NO;
				CLANG_ANALYZER_NONNULL = YES;
				CLANG_ANALYZER_NUMBER_OBJECT_CONVERSION = YES_AGGRESSIVE;
				CLANG_CXX_LANGUAGE_STANDARD = "gnu++17";
				CLANG_CXX_LIBRARY = "libc++";
				CLANG_ENABLE_MODULES = YES;
				CLANG_ENABLE_OBJC_ARC = YES;
				CLANG_ENABLE_OBJC_WEAK = YES;
				CLANG_WARN_BLOCK_CAPTURE_AUTORELEASING = YES;
				CLANG_WARN_BOOL_CONVERSION = YES;
				CLANG_WARN_COMMA = YES;
				CLANG_WARN_CONSTANT_CONVERSION = YES;
				CLANG_WARN_DEPRECATED_OBJC_IMPLEMENTATIONS = YES;
				CLANG_WARN_DIRECT_OBJC_ISA_USAGE = YES_ERROR;
				CLANG_WARN_DOCUMENTATION_COMMENTS = YES;
				CLANG_WARN_EMPTY_BODY = YES;
				CLANG_WARN_ENUM_CONVERSION = YES;
				CLANG_WARN_INFINITE_RECURSION = YES;
				CLANG_WARN_INT_CONVERSION = YES;
				CLANG_WARN_NON_LITERAL_NULL_CONVERSION = YES;
				CLANG_WARN_OBJC_IMPLICIT_RETAIN_SELF = YES;
				CLANG_WARN_OBJC_LITERAL_CONVERSION = YES;
				CLANG_WARN_OBJC_ROOT_CLASS = YES_ERROR;
				CLANG_WARN_QUOTED_INCLUDE_IN_FRAMEWORK_HEADER = YES;
				CLANG_WARN_RANGE_LOOP_ANALYSIS = YES;
				CLANG_WARN_STRICT_PROTOTYPES = YES;
				CLANG_WARN_SUSPICIOUS_MOVE = YES;
				CLANG_WARN_UNGUARDED_AVAILABILITY = YES_AGGRESSIVE;
				CLANG_WARN_UNREACHABLE_CODE = YES;
				CLANG_WARN__DUPLICATE_METHOD_MATCH = YES;
				COPY_PHASE_STRIP = NO;
				DEBUG_INFORMATION_FORMAT = dwarf;
				ENABLE_STRICT_OBJC_MSGSEND = YES;
				ENABLE_TESTABILITY = YES;
				GCC_C_LANGUAGE_STANDARD = gnu11;
				GCC_DYNAMIC_NO_PIC = NO;
				GCC_NO_COMMON_BLOCKS = YES;
				GCC_OPTIMIZATION_LEVEL = 0;
				GCC_PREPROCESSOR_DEFINITIONS = (
					"DEBUG=1",
					"$(inherited)",
				);
				GCC_WARN_64_TO_32_BIT_CONVERSION = YES;
				GCC_WARN_ABOUT_RETURN_TYPE = YES_ERROR;
				GCC_WARN_UNDECLARED_SELECTOR = YES;
				GCC_WARN_UNINITIALIZED_AUTOS = YES_AGGRESSIVE;
				GCC_WARN_UNUSED_FUNCTION = YES;
				GCC_WARN_UNUSED_VARIABLE = YES;
				INFOPLIST_FILE = applogist_case/Configure/info.plist;
				IPHONEOS_DEPLOYMENT_TARGET = 15.0;
				MTL_ENABLE_DEBUG_INFO = INCLUDE_SOURCE;
				MTL_FAST_MATH = YES;
				ONLY_ACTIVE_ARCH = YES;
				SDKROOT = iphoneos;
				SWIFT_ACTIVE_COMPILATION_CONDITIONS = DEBUG;
				SWIFT_OPTIMIZATION_LEVEL = "-Onone";
			};
			name = Debug;
		};
		FEBA465227E648D1009A75F9 /* Release */ = {
			isa = XCBuildConfiguration;
			buildSettings = {
				ALWAYS_SEARCH_USER_PATHS = NO;
				CLANG_ANALYZER_NONNULL = YES;
				CLANG_ANALYZER_NUMBER_OBJECT_CONVERSION = YES_AGGRESSIVE;
				CLANG_CXX_LANGUAGE_STANDARD = "gnu++17";
				CLANG_CXX_LIBRARY = "libc++";
				CLANG_ENABLE_MODULES = YES;
				CLANG_ENABLE_OBJC_ARC = YES;
				CLANG_ENABLE_OBJC_WEAK = YES;
				CLANG_WARN_BLOCK_CAPTURE_AUTORELEASING = YES;
				CLANG_WARN_BOOL_CONVERSION = YES;
				CLANG_WARN_COMMA = YES;
				CLANG_WARN_CONSTANT_CONVERSION = YES;
				CLANG_WARN_DEPRECATED_OBJC_IMPLEMENTATIONS = YES;
				CLANG_WARN_DIRECT_OBJC_ISA_USAGE = YES_ERROR;
				CLANG_WARN_DOCUMENTATION_COMMENTS = YES;
				CLANG_WARN_EMPTY_BODY = YES;
				CLANG_WARN_ENUM_CONVERSION = YES;
				CLANG_WARN_INFINITE_RECURSION = YES;
				CLANG_WARN_INT_CONVERSION = YES;
				CLANG_WARN_NON_LITERAL_NULL_CONVERSION = YES;
				CLANG_WARN_OBJC_IMPLICIT_RETAIN_SELF = YES;
				CLANG_WARN_OBJC_LITERAL_CONVERSION = YES;
				CLANG_WARN_OBJC_ROOT_CLASS = YES_ERROR;
				CLANG_WARN_QUOTED_INCLUDE_IN_FRAMEWORK_HEADER = YES;
				CLANG_WARN_RANGE_LOOP_ANALYSIS = YES;
				CLANG_WARN_STRICT_PROTOTYPES = YES;
				CLANG_WARN_SUSPICIOUS_MOVE = YES;
				CLANG_WARN_UNGUARDED_AVAILABILITY = YES_AGGRESSIVE;
				CLANG_WARN_UNREACHABLE_CODE = YES;
				CLANG_WARN__DUPLICATE_METHOD_MATCH = YES;
				COPY_PHASE_STRIP = NO;
				DEBUG_INFORMATION_FORMAT = "dwarf-with-dsym";
				ENABLE_NS_ASSERTIONS = NO;
				ENABLE_STRICT_OBJC_MSGSEND = YES;
				GCC_C_LANGUAGE_STANDARD = gnu11;
				GCC_NO_COMMON_BLOCKS = YES;
				GCC_WARN_64_TO_32_BIT_CONVERSION = YES;
				GCC_WARN_ABOUT_RETURN_TYPE = YES_ERROR;
				GCC_WARN_UNDECLARED_SELECTOR = YES;
				GCC_WARN_UNINITIALIZED_AUTOS = YES_AGGRESSIVE;
				GCC_WARN_UNUSED_FUNCTION = YES;
				GCC_WARN_UNUSED_VARIABLE = YES;
				INFOPLIST_FILE = applogist_case/Configure/info.plist;
				IPHONEOS_DEPLOYMENT_TARGET = 15.0;
				MTL_ENABLE_DEBUG_INFO = NO;
				MTL_FAST_MATH = YES;
				SDKROOT = iphoneos;
				SWIFT_COMPILATION_MODE = wholemodule;
				SWIFT_OPTIMIZATION_LEVEL = "-O";
				VALIDATE_PRODUCT = YES;
			};
			name = Release;
		};
		FEBA465427E648D1009A75F9 /* Debug */ = {
			isa = XCBuildConfiguration;
			baseConfigurationReference = 3BF5C5A695D8DE7D625CC7F9 /* Pods-applogist_case.debug.xcconfig */;
			buildSettings = {
				ASSETCATALOG_COMPILER_APPICON_NAME = AppIcon;
				ASSETCATALOG_COMPILER_GLOBAL_ACCENT_COLOR_NAME = AccentColor;
				CLANG_ENABLE_MODULES = YES;
				CODE_SIGN_STYLE = Automatic;
				CURRENT_PROJECT_VERSION = 1;
				GENERATE_INFOPLIST_FILE = YES;
				INFOPLIST_FILE = applogist_case/Info.plist;
				INFOPLIST_KEY_CFBundleDisplayName = applogist_case;
				INFOPLIST_KEY_UIApplicationSupportsIndirectInputEvents = YES;
				INFOPLIST_KEY_UILaunchStoryboardName = LaunchScreen;
				INFOPLIST_KEY_UISupportedInterfaceOrientations_iPad = "UIInterfaceOrientationPortrait UIInterfaceOrientationPortraitUpsideDown UIInterfaceOrientationLandscapeLeft UIInterfaceOrientationLandscapeRight";
				INFOPLIST_KEY_UISupportedInterfaceOrientations_iPhone = "UIInterfaceOrientationPortrait UIInterfaceOrientationLandscapeLeft UIInterfaceOrientationLandscapeRight";
				IPHONEOS_DEPLOYMENT_TARGET = 13.0;
				LD_RUNPATH_SEARCH_PATHS = (
					"$(inherited)",
					"@executable_path/Frameworks",
				);
				MARKETING_VERSION = 1.0;
				PRODUCT_BUNDLE_IDENTIFIER = "testapp.iOS-Template";
				PRODUCT_NAME = "$(TARGET_NAME)";
				SWIFT_EMIT_LOC_STRINGS = YES;
				SWIFT_OBJC_BRIDGING_HEADER = "applogist_case/Configure/iOS-Template-Bridging-Header.h";
				SWIFT_OPTIMIZATION_LEVEL = "-Onone";
				SWIFT_VERSION = 5.0;
				TARGETED_DEVICE_FAMILY = "1,2";
			};
			name = Debug;
		};
		FEBA465527E648D1009A75F9 /* Release */ = {
			isa = XCBuildConfiguration;
			baseConfigurationReference = 3318CE87EFFD8BB596B86E1A /* Pods-applogist_case.release.xcconfig */;
			buildSettings = {
				ASSETCATALOG_COMPILER_APPICON_NAME = AppIcon;
				ASSETCATALOG_COMPILER_GLOBAL_ACCENT_COLOR_NAME = AccentColor;
				CLANG_ENABLE_MODULES = YES;
				CODE_SIGN_STYLE = Automatic;
				CURRENT_PROJECT_VERSION = 1;
				GENERATE_INFOPLIST_FILE = YES;
				INFOPLIST_FILE = applogist_case/Info.plist;
				INFOPLIST_KEY_CFBundleDisplayName = applogist_case;
				INFOPLIST_KEY_UIApplicationSupportsIndirectInputEvents = YES;
				INFOPLIST_KEY_UILaunchStoryboardName = LaunchScreen;
				INFOPLIST_KEY_UISupportedInterfaceOrientations_iPad = "UIInterfaceOrientationPortrait UIInterfaceOrientationPortraitUpsideDown UIInterfaceOrientationLandscapeLeft UIInterfaceOrientationLandscapeRight";
				INFOPLIST_KEY_UISupportedInterfaceOrientations_iPhone = "UIInterfaceOrientationPortrait UIInterfaceOrientationLandscapeLeft UIInterfaceOrientationLandscapeRight";
				IPHONEOS_DEPLOYMENT_TARGET = 13.0;
				LD_RUNPATH_SEARCH_PATHS = (
					"$(inherited)",
					"@executable_path/Frameworks",
				);
				MARKETING_VERSION = 1.0;
				PRODUCT_BUNDLE_IDENTIFIER = "testapp.iOS-Template";
				PRODUCT_NAME = "$(TARGET_NAME)";
				SWIFT_EMIT_LOC_STRINGS = YES;
				SWIFT_OBJC_BRIDGING_HEADER = "applogist_case/Configure/iOS-Template-Bridging-Header.h";
				SWIFT_VERSION = 5.0;
				TARGETED_DEVICE_FAMILY = "1,2";
			};
			name = Release;
		};
/* End XCBuildConfiguration section */

/* Begin XCConfigurationList section */
		FEBA463727E648D0009A75F9 /* Build configuration list for PBXProject "applogist_case" */ = {
			isa = XCConfigurationList;
			buildConfigurations = (
				FEBA465127E648D1009A75F9 /* Debug */,
				FEBA465227E648D1009A75F9 /* Release */,
			);
			defaultConfigurationIsVisible = 0;
			defaultConfigurationName = Release;
		};
		FEBA465327E648D1009A75F9 /* Build configuration list for PBXNativeTarget "applogist_case" */ = {
			isa = XCConfigurationList;
			buildConfigurations = (
				FEBA465427E648D1009A75F9 /* Debug */,
				FEBA465527E648D1009A75F9 /* Release */,
			);
			defaultConfigurationIsVisible = 0;
			defaultConfigurationName = Release;
		};
/* End XCConfigurationList section */

/* Begin XCVersionGroup section */
		FEBA464827E648D0009A75F9 /* iOS_Template.xcdatamodeld */ = {
			isa = XCVersionGroup;
			children = (
				FEBA464927E648D0009A75F9 /* iOS_Template.xcdatamodel */,
			);
			currentVersion = FEBA464927E648D0009A75F9 /* iOS_Template.xcdatamodel */;
			path = iOS_Template.xcdatamodeld;
			sourceTree = "<group>";
			versionGroupType = wrapper.xcdatamodel;
		};
/* End XCVersionGroup section */
	};
	rootObject = FEBA463427E648D0009A75F9 /* Project object */;
}
