// !$*UTF8*$!
{
	archiveVersion = 1;
	classes = {
	};
	objectVersion = 55;
	objects = {

/* Begin PBXBuildFile section */
		11AF768F73747502F945F601 /* libPods-DataProvider.a in Frameworks */ = {isa = PBXBuildFile; fileRef = 11F19CE31AEBD897BCA781D5 /* libPods-DataProvider.a */; };
		5740043027E7222A00B36934 /* AFError+Extensions.swift in Sources */ = {isa = PBXBuildFile; fileRef = 5740042E27E7222A00B36934 /* AFError+Extensions.swift */; };
		5740043127E7222A00B36934 /* Encodable+Exntension.swift in Sources */ = {isa = PBXBuildFile; fileRef = 5740042F27E7222A00B36934 /* Encodable+Exntension.swift */; };
		5740043927E7224100B36934 /* DecodableResponseRequest.swift in Sources */ = {isa = PBXBuildFile; fileRef = 5740043327E7224100B36934 /* DecodableResponseRequest.swift */; };
		5740043A27E7224100B36934 /* Typealias.swift in Sources */ = {isa = PBXBuildFile; fileRef = 5740043427E7224100B36934 /* Typealias.swift */; };
		5740043B27E7224100B36934 /* RequestProtocol.swift in Sources */ = {isa = PBXBuildFile; fileRef = 5740043527E7224100B36934 /* RequestProtocol.swift */; };
		5740043C27E7224100B36934 /* RequestMethod.swift in Sources */ = {isa = PBXBuildFile; fileRef = 5740043627E7224100B36934 /* RequestMethod.swift */; };
		5740043D27E7224100B36934 /* RequestEncoding.swift in Sources */ = {isa = PBXBuildFile; fileRef = 5740043727E7224100B36934 /* RequestEncoding.swift */; };
		5740043E27E7224100B36934 /* DataProviderProtocol.swift in Sources */ = {isa = PBXBuildFile; fileRef = 5740043827E7224100B36934 /* DataProviderProtocol.swift */; };
		5740044327E7225500B36934 /* APIDataProvider.swift in Sources */ = {isa = PBXBuildFile; fileRef = 5740044027E7225500B36934 /* APIDataProvider.swift */; };
		5740044427E7225500B36934 /* APIRequestAdapter.swift in Sources */ = {isa = PBXBuildFile; fileRef = 5740044127E7225500B36934 /* APIRequestAdapter.swift */; };
		5740044527E7225500B36934 /* APIDecodableResponseRequest.swift in Sources */ = {isa = PBXBuildFile; fileRef = 5740044227E7225500B36934 /* APIDecodableResponseRequest.swift */; };
		5740044827E7229900B36934 /* UserCacheHelper.swift in Sources */ = {isa = PBXBuildFile; fileRef = 5740044727E7229900B36934 /* UserCacheHelper.swift */; };
		FE4262B92825A93C009CCA73 /* MultiPartFileData.swift in Sources */ = {isa = PBXBuildFile; fileRef = FE4262B82825A93C009CCA73 /* MultiPartFileData.swift */; };
		FE4262BD2825A991009CCA73 /* BaseResponseError.swift in Sources */ = {isa = PBXBuildFile; fileRef = FE4262BB2825A991009CCA73 /* BaseResponseError.swift */; };
		FE4262BE2825A991009CCA73 /* NetworkError.swift in Sources */ = {isa = PBXBuildFile; fileRef = FE4262BC2825A991009CCA73 /* NetworkError.swift */; };
		FE7347DA27E715690019DB4F /* DataProvider.h in Headers */ = {isa = PBXBuildFile; fileRef = FE7347D927E715690019DB4F /* DataProvider.h */; settings = {ATTRIBUTES = (Public, ); }; };
/* End PBXBuildFile section */

/* Begin PBXFileReference section */
		11F19CE31AEBD897BCA781D5 /* libPods-DataProvider.a */ = {isa = PBXFileReference; explicitFileType = archive.ar; includeInIndex = 0; path = "libPods-DataProvider.a"; sourceTree = BUILT_PRODUCTS_DIR; };
		5740042E27E7222A00B36934 /* AFError+Extensions.swift */ = {isa = PBXFileReference; fileEncoding = 4; lastKnownFileType = sourcecode.swift; path = "AFError+Extensions.swift"; sourceTree = "<group>"; };
		5740042F27E7222A00B36934 /* Encodable+Exntension.swift */ = {isa = PBXFileReference; fileEncoding = 4; lastKnownFileType = sourcecode.swift; path = "Encodable+Exntension.swift"; sourceTree = "<group>"; };
		5740043327E7224100B36934 /* DecodableResponseRequest.swift */ = {isa = PBXFileReference; fileEncoding = 4; lastKnownFileType = sourcecode.swift; path = DecodableResponseRequest.swift; sourceTree = "<group>"; };
		5740043427E7224100B36934 /* Typealias.swift */ = {isa = PBXFileReference; fileEncoding = 4; lastKnownFileType = sourcecode.swift; path = Typealias.swift; sourceTree = "<group>"; };
		5740043527E7224100B36934 /* RequestProtocol.swift */ = {isa = PBXFileReference; fileEncoding = 4; lastKnownFileType = sourcecode.swift; path = RequestProtocol.swift; sourceTree = "<group>"; };
		5740043627E7224100B36934 /* RequestMethod.swift */ = {isa = PBXFileReference; fileEncoding = 4; lastKnownFileType = sourcecode.swift; path = RequestMethod.swift; sourceTree = "<group>"; };
		5740043727E7224100B36934 /* RequestEncoding.swift */ = {isa = PBXFileReference; fileEncoding = 4; lastKnownFileType = sourcecode.swift; path = RequestEncoding.swift; sourceTree = "<group>"; };
		5740043827E7224100B36934 /* DataProviderProtocol.swift */ = {isa = PBXFileReference; fileEncoding = 4; lastKnownFileType = sourcecode.swift; path = DataProviderProtocol.swift; sourceTree = "<group>"; };
		5740044027E7225500B36934 /* APIDataProvider.swift */ = {isa = PBXFileReference; fileEncoding = 4; lastKnownFileType = sourcecode.swift; path = APIDataProvider.swift; sourceTree = "<group>"; };
		5740044127E7225500B36934 /* APIRequestAdapter.swift */ = {isa = PBXFileReference; fileEncoding = 4; lastKnownFileType = sourcecode.swift; path = APIRequestAdapter.swift; sourceTree = "<group>"; };
		5740044227E7225500B36934 /* APIDecodableResponseRequest.swift */ = {isa = PBXFileReference; fileEncoding = 4; lastKnownFileType = sourcecode.swift; path = APIDecodableResponseRequest.swift; sourceTree = "<group>"; };
		5740044727E7229900B36934 /* UserCacheHelper.swift */ = {isa = PBXFileReference; fileEncoding = 4; lastKnownFileType = sourcecode.swift; path = UserCacheHelper.swift; sourceTree = "<group>"; };
		8C80EA5F9125D8732530DD42 /* Pods-DataProvider.release.xcconfig */ = {isa = PBXFileReference; includeInIndex = 1; lastKnownFileType = text.xcconfig; name = "Pods-DataProvider.release.xcconfig"; path = "Target Support Files/Pods-DataProvider/Pods-DataProvider.release.xcconfig"; sourceTree = "<group>"; };
		E9013398018D700BB01FEA03 /* Pods-DataProvider.debug.xcconfig */ = {isa = PBXFileReference; includeInIndex = 1; lastKnownFileType = text.xcconfig; name = "Pods-DataProvider.debug.xcconfig"; path = "Target Support Files/Pods-DataProvider/Pods-DataProvider.debug.xcconfig"; sourceTree = "<group>"; };
		FE4262B82825A93C009CCA73 /* MultiPartFileData.swift */ = {isa = PBXFileReference; fileEncoding = 4; lastKnownFileType = sourcecode.swift; path = MultiPartFileData.swift; sourceTree = "<group>"; };
		FE4262BB2825A991009CCA73 /* BaseResponseError.swift */ = {isa = PBXFileReference; fileEncoding = 4; lastKnownFileType = sourcecode.swift; path = BaseResponseError.swift; sourceTree = "<group>"; };
		FE4262BC2825A991009CCA73 /* NetworkError.swift */ = {isa = PBXFileReference; fileEncoding = 4; lastKnownFileType = sourcecode.swift; path = NetworkError.swift; sourceTree = "<group>"; };
		FE7347D627E715690019DB4F /* DataProvider.framework */ = {isa = PBXFileReference; explicitFileType = wrapper.framework; includeInIndex = 0; path = DataProvider.framework; sourceTree = BUILT_PRODUCTS_DIR; };
		FE7347D927E715690019DB4F /* DataProvider.h */ = {isa = PBXFileReference; lastKnownFileType = sourcecode.c.h; path = DataProvider.h; sourceTree = "<group>"; };
/* End PBXFileReference section */

/* Begin PBXFrameworksBuildPhase section */
		FE7347D327E715690019DB4F /* Frameworks */ = {
			isa = PBXFrameworksBuildPhase;
			buildActionMask = 2147483647;
			files = (
				11AF768F73747502F945F601 /* libPods-DataProvider.a in Frameworks */,
			);
			runOnlyForDeploymentPostprocessing = 0;
		};
/* End PBXFrameworksBuildPhase section */

/* Begin PBXGroup section */
		5740042D27E7222A00B36934 /* Extension */ = {
			isa = PBXGroup;
			children = (
				5740042E27E7222A00B36934 /* AFError+Extensions.swift */,
				5740042F27E7222A00B36934 /* Encodable+Exntension.swift */,
			);
			path = Extension;
			sourceTree = "<group>";
		};
		5740043227E7224100B36934 /* Core */ = {
			isa = PBXGroup;
			children = (
				5740043327E7224100B36934 /* DecodableResponseRequest.swift */,
				5740043427E7224100B36934 /* Typealias.swift */,
				5740043527E7224100B36934 /* RequestProtocol.swift */,
				5740043627E7224100B36934 /* RequestMethod.swift */,
				5740043727E7224100B36934 /* RequestEncoding.swift */,
				5740043827E7224100B36934 /* DataProviderProtocol.swift */,
			);
			path = Core;
			sourceTree = "<group>";
		};
		5740043F27E7225500B36934 /* Manager */ = {
			isa = PBXGroup;
			children = (
				5740044027E7225500B36934 /* APIDataProvider.swift */,
				5740044127E7225500B36934 /* APIRequestAdapter.swift */,
				5740044227E7225500B36934 /* APIDecodableResponseRequest.swift */,
			);
			path = Manager;
			sourceTree = "<group>";
		};
		5740044627E7229900B36934 /* Helper */ = {
			isa = PBXGroup;
			children = (
				5740044727E7229900B36934 /* UserCacheHelper.swift */,
			);
			path = Helper;
			sourceTree = "<group>";
		};
		BF62D2B7BF311848C63EECAE /* Frameworks */ = {
			isa = PBXGroup;
			children = (
				11F19CE31AEBD897BCA781D5 /* libPods-DataProvider.a */,
			);
			name = Frameworks;
			sourceTree = "<group>";
		};
		FA91E40D08CDAE814F58C45D /* Pods */ = {
			isa = PBXGroup;
			children = (
				E9013398018D700BB01FEA03 /* Pods-DataProvider.debug.xcconfig */,
				8C80EA5F9125D8732530DD42 /* Pods-DataProvider.release.xcconfig */,
			);
			name = Pods;
			path = ../Pods;
			sourceTree = "<group>";
		};
		FE4262B72825A934009CCA73 /* Model */ = {
			isa = PBXGroup;
			children = (
				FE4262BA2825A991009CCA73 /* Error */,
				FE4262B82825A93C009CCA73 /* MultiPartFileData.swift */,
			);
			path = Model;
			sourceTree = "<group>";
		};
		FE4262BA2825A991009CCA73 /* Error */ = {
			isa = PBXGroup;
			children = (
				FE4262BB2825A991009CCA73 /* BaseResponseError.swift */,
				FE4262BC2825A991009CCA73 /* NetworkError.swift */,
			);
			path = Error;
			sourceTree = "<group>";
		};
		FE7347CC27E715690019DB4F = {
			isa = PBXGroup;
			children = (
				FE7347D827E715690019DB4F /* DataProvider */,
				FE7347D727E715690019DB4F /* Products */,
				FA91E40D08CDAE814F58C45D /* Pods */,
				BF62D2B7BF311848C63EECAE /* Frameworks */,
			);
			sourceTree = "<group>";
		};
		FE7347D727E715690019DB4F /* Products */ = {
			isa = PBXGroup;
			children = (
				FE7347D627E715690019DB4F /* DataProvider.framework */,
			);
			name = Products;
			sourceTree = "<group>";
		};
		FE7347D827E715690019DB4F /* DataProvider */ = {
			isa = PBXGroup;
			children = (
				FE4262B72825A934009CCA73 /* Model */,
				5740044627E7229900B36934 /* Helper */,
				5740043F27E7225500B36934 /* Manager */,
				5740043227E7224100B36934 /* Core */,
				5740042D27E7222A00B36934 /* Extension */,
				FE7347D927E715690019DB4F /* DataProvider.h */,
			);
			path = DataProvider;
			sourceTree = "<group>";
		};
/* End PBXGroup section */

/* Begin PBXHeadersBuildPhase section */
		FE7347D127E715690019DB4F /* Headers */ = {
			isa = PBXHeadersBuildPhase;
			buildActionMask = 2147483647;
			files = (
				FE7347DA27E715690019DB4F /* DataProvider.h in Headers */,
			);
			runOnlyForDeploymentPostprocessing = 0;
		};
/* End PBXHeadersBuildPhase section */

/* Begin PBXNativeTarget section */
		FE7347D527E715690019DB4F /* DataProvider */ = {
			isa = PBXNativeTarget;
			buildConfigurationList = FE7347DD27E715690019DB4F /* Build configuration list for PBXNativeTarget "DataProvider" */;
			buildPhases = (
				3F8B5D601AF42B38E57B306D /* [CP] Check Pods Manifest.lock */,
				FE7347D127E715690019DB4F /* Headers */,
				FE7347D227E715690019DB4F /* Sources */,
				FE7347D327E715690019DB4F /* Frameworks */,
				FE7347D427E715690019DB4F /* Resources */,
			);
			buildRules = (
			);
			dependencies = (
			);
			name = DataProvider;
			productName = DataProvider;
			productReference = FE7347D627E715690019DB4F /* DataProvider.framework */;
			productType = "com.apple.product-type.framework";
		};
/* End PBXNativeTarget section */

/* Begin PBXProject section */
		FE7347CD27E715690019DB4F /* Project object */ = {
			isa = PBXProject;
			attributes = {
				BuildIndependentTargetsInParallel = 1;
				LastUpgradeCheck = 1330;
				TargetAttributes = {
					FE7347D527E715690019DB4F = {
						CreatedOnToolsVersion = 13.3;
					};
				};
			};
			buildConfigurationList = FE7347D027E715690019DB4F /* Build configuration list for PBXProject "DataProvider" */;
			compatibilityVersion = "Xcode 13.0";
			developmentRegion = en;
			hasScannedForEncodings = 0;
			knownRegions = (
				en,
				Base,
			);
			mainGroup = FE7347CC27E715690019DB4F;
			productRefGroup = FE7347D727E715690019DB4F /* Products */;
			projectDirPath = "";
			projectRoot = "";
			targets = (
				FE7347D527E715690019DB4F /* DataProvider */,
			);
		};
/* End PBXProject section */

/* Begin PBXResourcesBuildPhase section */
		FE7347D427E715690019DB4F /* Resources */ = {
			isa = PBXResourcesBuildPhase;
			buildActionMask = 2147483647;
			files = (
			);
			runOnlyForDeploymentPostprocessing = 0;
		};
/* End PBXResourcesBuildPhase section */

/* Begin PBXShellScriptBuildPhase section */
		3F8B5D601AF42B38E57B306D /* [CP] Check Pods Manifest.lock */ = {
			isa = PBXShellScriptBuildPhase;
			buildActionMask = 2147483647;
			files = (
			);
			inputFileListPaths = (
			);
			inputPaths = (
				"${PODS_PODFILE_DIR_PATH}/Podfile.lock",
				"${PODS_ROOT}/Manifest.lock",
			);
			name = "[CP] Check Pods Manifest.lock";
			outputFileListPaths = (
			);
			outputPaths = (
				"$(DERIVED_FILE_DIR)/Pods-DataProvider-checkManifestLockResult.txt",
			);
			runOnlyForDeploymentPostprocessing = 0;
			shellPath = /bin/sh;
			shellScript = "diff \"${PODS_PODFILE_DIR_PATH}/Podfile.lock\" \"${PODS_ROOT}/Manifest.lock\" > /dev/null\nif [ $? != 0 ] ; then\n    # print error to STDERR\n    echo \"error: The sandbox is not in sync with the Podfile.lock. Run 'pod install' or update your CocoaPods installation.\" >&2\n    exit 1\nfi\n# This output is used by Xcode 'outputs' to avoid re-running this script phase.\necho \"SUCCESS\" > \"${SCRIPT_OUTPUT_FILE_0}\"\n";
			showEnvVarsInLog = 0;
		};
/* End PBXShellScriptBuildPhase section */

/* Begin PBXSourcesBuildPhase section */
		FE7347D227E715690019DB4F /* Sources */ = {
			isa = PBXSourcesBuildPhase;
			buildActionMask = 2147483647;
			files = (
				5740043927E7224100B36934 /* DecodableResponseRequest.swift in Sources */,
				FE4262B92825A93C009CCA73 /* MultiPartFileData.swift in Sources */,
				5740043D27E7224100B36934 /* RequestEncoding.swift in Sources */,
				5740044327E7225500B36934 /* APIDataProvider.swift in Sources */,
				FE4262BD2825A991009CCA73 /* BaseResponseError.swift in Sources */,
				5740043127E7222A00B36934 /* Encodable+Exntension.swift in Sources */,
				5740043A27E7224100B36934 /* Typealias.swift in Sources */,
				5740044527E7225500B36934 /* APIDecodableResponseRequest.swift in Sources */,
				5740043E27E7224100B36934 /* DataProviderProtocol.swift in Sources */,
				FE4262BE2825A991009CCA73 /* NetworkError.swift in Sources */,
				5740044427E7225500B36934 /* APIRequestAdapter.swift in Sources */,
				5740043027E7222A00B36934 /* AFError+Extensions.swift in Sources */,
				5740043C27E7224100B36934 /* RequestMethod.swift in Sources */,
				5740043B27E7224100B36934 /* RequestProtocol.swift in Sources */,
				5740044827E7229900B36934 /* UserCacheHelper.swift in Sources */,
			);
			runOnlyForDeploymentPostprocessing = 0;
		};
/* End PBXSourcesBuildPhase section */

/* Begin XCBuildConfiguration section */
		FE7347DB27E715690019DB4F /* Debug */ = {
			isa = XCBuildConfiguration;
			buildSettings = {
				ALWAYS_SEARCH_USER_PATHS = NO;
				CLANG_ANALYZER_NONNULL = YES;
				CLANG_ANALYZER_NUMBER_OBJECT_CONVERSION = YES_AGGRESSIVE;
				CLANG_CXX_LANGUAGE_STANDARD = "gnu++17";
				CLANG_ENABLE_MODULES = YES;
				CLANG_ENABLE_OBJC_ARC = YES;
				CLANG_ENABLE_OBJC_WEAK = YES;
				CLANG_WARN_BLOCK_CAPTURE_AUTORELEASING = YES;
				CLANG_WARN_BOOL_CONVERSION = YES;
				CLANG_WARN_COMMA = YES;
				CLANG_WARN_CONSTANT_CONVERSION = YES;
				CLANG_WARN_DEPRECATED_OBJC_IMPLEMENTATIONS = YES;
				CLANG_WARN_DIRECT_OBJC_ISA_USAGE = YES_ERROR;
				CLANG_WARN_DOCUMENTATION_COMMENTS = YES;
				CLANG_WARN_EMPTY_BODY = YES;
				CLANG_WARN_ENUM_CONVERSION = YES;
				CLANG_WARN_INFINITE_RECURSION = YES;
				CLANG_WARN_INT_CONVERSION = YES;
				CLANG_WARN_NON_LITERAL_NULL_CONVERSION = YES;
				CLANG_WARN_OBJC_IMPLICIT_RETAIN_SELF = YES;
				CLANG_WARN_OBJC_LITERAL_CONVERSION = YES;
				CLANG_WARN_OBJC_ROOT_CLASS = YES_ERROR;
				CLANG_WARN_QUOTED_INCLUDE_IN_FRAMEWORK_HEADER = YES;
				CLANG_WARN_RANGE_LOOP_ANALYSIS = YES;
				CLANG_WARN_STRICT_PROTOTYPES = YES;
				CLANG_WARN_SUSPICIOUS_MOVE = YES;
				CLANG_WARN_UNGUARDED_AVAILABILITY = YES_AGGRESSIVE;
				CLANG_WARN_UNREACHABLE_CODE = YES;
				CLANG_WARN__DUPLICATE_METHOD_MATCH = YES;
				COPY_PHASE_STRIP = NO;
				CURRENT_PROJECT_VERSION = 1;
				DEBUG_INFORMATION_FORMAT = dwarf;
				ENABLE_STRICT_OBJC_MSGSEND = YES;
				ENABLE_TESTABILITY = YES;
				GCC_C_LANGUAGE_STANDARD = gnu11;
				GCC_DYNAMIC_NO_PIC = NO;
				GCC_NO_COMMON_BLOCKS = YES;
				GCC_OPTIMIZATION_LEVEL = 0;
				GCC_PREPROCESSOR_DEFINITIONS = (
					"DEBUG=1",
					"$(inherited)",
				);
				GCC_WARN_64_TO_32_BIT_CONVERSION = YES;
				GCC_WARN_ABOUT_RETURN_TYPE = YES_ERROR;
				GCC_WARN_UNDECLARED_SELECTOR = YES;
				GCC_WARN_UNINITIALIZED_AUTOS = YES_AGGRESSIVE;
				GCC_WARN_UNUSED_FUNCTION = YES;
				GCC_WARN_UNUSED_VARIABLE = YES;
				IPHONEOS_DEPLOYMENT_TARGET = 15.4;
				MTL_ENABLE_DEBUG_INFO = INCLUDE_SOURCE;
				MTL_FAST_MATH = YES;
				ONLY_ACTIVE_ARCH = YES;
				SDKROOT = iphoneos;
				SWIFT_ACTIVE_COMPILATION_CONDITIONS = DEBUG;
				SWIFT_OPTIMIZATION_LEVEL = "-Onone";
				VERSIONING_SYSTEM = "apple-generic";
				VERSION_INFO_PREFIX = "";
			};
			name = Debug;
		};
		FE7347DC27E715690019DB4F /* Release */ = {
			isa = XCBuildConfiguration;
			buildSettings = {
				ALWAYS_SEARCH_USER_PATHS = NO;
				CLANG_ANALYZER_NONNULL = YES;
				CLANG_ANALYZER_NUMBER_OBJECT_CONVERSION = YES_AGGRESSIVE;
				CLANG_CXX_LANGUAGE_STANDARD = "gnu++17";
				CLANG_ENABLE_MODULES = YES;
				CLANG_ENABLE_OBJC_ARC = YES;
				CLANG_ENABLE_OBJC_WEAK = YES;
				CLANG_WARN_BLOCK_CAPTURE_AUTORELEASING = YES;
				CLANG_WARN_BOOL_CONVERSION = YES;
				CLANG_WARN_COMMA = YES;
				CLANG_WARN_CONSTANT_CONVERSION = YES;
				CLANG_WARN_DEPRECATED_OBJC_IMPLEMENTATIONS = YES;
				CLANG_WARN_DIRECT_OBJC_ISA_USAGE = YES_ERROR;
				CLANG_WARN_DOCUMENTATION_COMMENTS = YES;
				CLANG_WARN_EMPTY_BODY = YES;
				CLANG_WARN_ENUM_CONVERSION = YES;
				CLANG_WARN_INFINITE_RECURSION = YES;
				CLANG_WARN_INT_CONVERSION = YES;
				CLANG_WARN_NON_LITERAL_NULL_CONVERSION = YES;
				CLANG_WARN_OBJC_IMPLICIT_RETAIN_SELF = YES;
				CLANG_WARN_OBJC_LITERAL_CONVERSION = YES;
				CLANG_WARN_OBJC_ROOT_CLASS = YES_ERROR;
				CLANG_WARN_QUOTED_INCLUDE_IN_FRAMEWORK_HEADER = YES;
				CLANG_WARN_RANGE_LOOP_ANALYSIS = YES;
				CLANG_WARN_STRICT_PROTOTYPES = YES;
				CLANG_WARN_SUSPICIOUS_MOVE = YES;
				CLANG_WARN_UNGUARDED_AVAILABILITY = YES_AGGRESSIVE;
				CLANG_WARN_UNREACHABLE_CODE = YES;
				CLANG_WARN__DUPLICATE_METHOD_MATCH = YES;
				COPY_PHASE_STRIP = NO;
				CURRENT_PROJECT_VERSION = 1;
				DEBUG_INFORMATION_FORMAT = "dwarf-with-dsym";
				ENABLE_NS_ASSERTIONS = NO;
				ENABLE_STRICT_OBJC_MSGSEND = YES;
				GCC_C_LANGUAGE_STANDARD = gnu11;
				GCC_NO_COMMON_BLOCKS = YES;
				GCC_WARN_64_TO_32_BIT_CONVERSION = YES;
				GCC_WARN_ABOUT_RETURN_TYPE = YES_ERROR;
				GCC_WARN_UNDECLARED_SELECTOR = YES;
				GCC_WARN_UNINITIALIZED_AUTOS = YES_AGGRESSIVE;
				GCC_WARN_UNUSED_FUNCTION = YES;
				GCC_WARN_UNUSED_VARIABLE = YES;
				IPHONEOS_DEPLOYMENT_TARGET = 15.4;
				MTL_ENABLE_DEBUG_INFO = NO;
				MTL_FAST_MATH = YES;
				SDKROOT = iphoneos;
				SWIFT_COMPILATION_MODE = wholemodule;
				SWIFT_OPTIMIZATION_LEVEL = "-O";
				VALIDATE_PRODUCT = YES;
				VERSIONING_SYSTEM = "apple-generic";
				VERSION_INFO_PREFIX = "";
			};
			name = Release;
		};
		FE7347DE27E715690019DB4F /* Debug */ = {
			isa = XCBuildConfiguration;
			baseConfigurationReference = E9013398018D700BB01FEA03 /* Pods-DataProvider.debug.xcconfig */;
			buildSettings = {
				CODE_SIGN_STYLE = Automatic;
				CURRENT_PROJECT_VERSION = 1;
				DEFINES_MODULE = YES;
				DYLIB_COMPATIBILITY_VERSION = 1;
				DYLIB_CURRENT_VERSION = 1;
				DYLIB_INSTALL_NAME_BASE = "@rpath";
				GENERATE_INFOPLIST_FILE = YES;
				INFOPLIST_KEY_NSHumanReadableCopyright = "";
				INSTALL_PATH = "$(LOCAL_LIBRARY_DIR)/Frameworks";
				IPHONEOS_DEPLOYMENT_TARGET = 13.0;
				LD_RUNPATH_SEARCH_PATHS = (
					"$(inherited)",
					"@executable_path/Frameworks",
					"@loader_path/Frameworks",
				);
				MARKETING_VERSION = 1.0;
				PRODUCT_BUNDLE_IDENTIFIER = testapp.DataProvider;
				PRODUCT_NAME = "$(TARGET_NAME:c99extidentifier)";
				SKIP_INSTALL = YES;
				SUPPORTS_MACCATALYST = NO;
				SWIFT_EMIT_LOC_STRINGS = YES;
				SWIFT_VERSION = 5.0;
				TARGETED_DEVICE_FAMILY = 1;
			};
			name = Debug;
		};
		FE7347DF27E715690019DB4F /* Release */ = {
			isa = XCBuildConfiguration;
			baseConfigurationReference = 8C80EA5F9125D8732530DD42 /* Pods-DataProvider.release.xcconfig */;
			buildSettings = {
				CODE_SIGN_STYLE = Automatic;
				CURRENT_PROJECT_VERSION = 1;
				DEFINES_MODULE = YES;
				DYLIB_COMPATIBILITY_VERSION = 1;
				DYLIB_CURRENT_VERSION = 1;
				DYLIB_INSTALL_NAME_BASE = "@rpath";
				GENERATE_INFOPLIST_FILE = YES;
				INFOPLIST_KEY_NSHumanReadableCopyright = "";
				INSTALL_PATH = "$(LOCAL_LIBRARY_DIR)/Frameworks";
				IPHONEOS_DEPLOYMENT_TARGET = 13.0;
				LD_RUNPATH_SEARCH_PATHS = (
					"$(inherited)",
					"@executable_path/Frameworks",
					"@loader_path/Frameworks",
				);
				MARKETING_VERSION = 1.0;
				PRODUCT_BUNDLE_IDENTIFIER = testapp.DataProvider;
				PRODUCT_NAME = "$(TARGET_NAME:c99extidentifier)";
				SKIP_INSTALL = YES;
				SUPPORTS_MACCATALYST = NO;
				SWIFT_EMIT_LOC_STRINGS = YES;
				SWIFT_VERSION = 5.0;
				TARGETED_DEVICE_FAMILY = 1;
			};
			name = Release;
		};
/* End XCBuildConfiguration section */

/* Begin XCConfigurationList section */
		FE7347D027E715690019DB4F /* Build configuration list for PBXProject "DataProvider" */ = {
			isa = XCConfigurationList;
			buildConfigurations = (
				FE7347DB27E715690019DB4F /* Debug */,
				FE7347DC27E715690019DB4F /* Release */,
			);
			defaultConfigurationIsVisible = 0;
			defaultConfigurationName = Release;
		};
		FE7347DD27E715690019DB4F /* Build configuration list for PBXNativeTarget "DataProvider" */ = {
			isa = XCConfigurationList;
			buildConfigurations = (
				FE7347DE27E715690019DB4F /* Debug */,
				FE7347DF27E715690019DB4F /* Release */,
			);
			defaultConfigurationIsVisible = 0;
			defaultConfigurationName = Release;
		};
/* End XCConfigurationList section */
	};
	rootObject = FE7347CD27E715690019DB4F /* Project object */;
}
