// !$*UTF8*$!
{
	archiveVersion = 1;
	classes = {
	};
	objectVersion = 55;
	objects = {

/* Begin PBXBuildFile section */
		9DBD666A4402FDF552DA39CF /* Pods_iOS_Template.framework in Frameworks */ = {isa = PBXBuildFile; fileRef = 04877A26D51F1347A8C99379 /* Pods_iOS_Template.framework */; };
		FE7347F527E715A60019DB4F /* DataProvider.framework in Frameworks */ = {isa = PBXBuildFile; fileRef = FE7347F427E715A60019DB4F /* DataProvider.framework */; };
		FE7347F627E715A60019DB4F /* DataProvider.framework in Embed Frameworks */ = {isa = PBXBuildFile; fileRef = FE7347F427E715A60019DB4F /* DataProvider.framework */; settings = {ATTRIBUTES = (CodeSignOnCopy, RemoveHeadersOnCopy, ); }; };
		FE7347F927E715AA0019DB4F /* UIComponents.framework in Frameworks */ = {isa = PBXBuildFile; fileRef = FE7347F827E715AA0019DB4F /* UIComponents.framework */; };
		FE7347FA27E715AA0019DB4F /* UIComponents.framework in Embed Frameworks */ = {isa = PBXBuildFile; fileRef = FE7347F827E715AA0019DB4F /* UIComponents.framework */; settings = {ATTRIBUTES = (CodeSignOnCopy, RemoveHeadersOnCopy, ); }; };
		FE7347FC27E715AD0019DB4F /* Utilities.framework in Frameworks */ = {isa = PBXBuildFile; fileRef = FE7347FB27E715AD0019DB4F /* Utilities.framework */; };
		FE7347FD27E715AD0019DB4F /* Utilities.framework in Embed Frameworks */ = {isa = PBXBuildFile; fileRef = FE7347FB27E715AD0019DB4F /* Utilities.framework */; settings = {ATTRIBUTES = (CodeSignOnCopy, RemoveHeadersOnCopy, ); }; };
		FEBA464027E648D0009A75F9 /* AppDelegate.swift in Sources */ = {isa = PBXBuildFile; fileRef = FEBA463F27E648D0009A75F9 /* AppDelegate.swift */; };
		FEBA464227E648D0009A75F9 /* SceneDelegate.swift in Sources */ = {isa = PBXBuildFile; fileRef = FEBA464127E648D0009A75F9 /* SceneDelegate.swift */; };
		FEBA464427E648D0009A75F9 /* ViewController.swift in Sources */ = {isa = PBXBuildFile; fileRef = FEBA464327E648D0009A75F9 /* ViewController.swift */; };
		FEBA464727E648D0009A75F9 /* Main.storyboard in Resources */ = {isa = PBXBuildFile; fileRef = FEBA464527E648D0009A75F9 /* Main.storyboard */; };
		FEBA464A27E648D0009A75F9 /* iOS_Template.xcdatamodeld in Sources */ = {isa = PBXBuildFile; fileRef = FEBA464827E648D0009A75F9 /* iOS_Template.xcdatamodeld */; };
		FEBA464C27E648D1009A75F9 /* Assets.xcassets in Resources */ = {isa = PBXBuildFile; fileRef = FEBA464B27E648D1009A75F9 /* Assets.xcassets */; };
		FEBA464F27E648D1009A75F9 /* LaunchScreen.storyboard in Resources */ = {isa = PBXBuildFile; fileRef = FEBA464D27E648D1009A75F9 /* LaunchScreen.storyboard */; };
/* End PBXBuildFile section */

/* Begin PBXCopyFilesBuildPhase section */
		FE7347F727E715A60019DB4F /* Embed Frameworks */ = {
			isa = PBXCopyFilesBuildPhase;
			buildActionMask = 2147483647;
			dstPath = "";
			dstSubfolderSpec = 10;
			files = (
				FE7347FA27E715AA0019DB4F /* UIComponents.framework in Embed Frameworks */,
				FE7347FD27E715AD0019DB4F /* Utilities.framework in Embed Frameworks */,
				FE7347F627E715A60019DB4F /* DataProvider.framework in Embed Frameworks */,
			);
			name = "Embed Frameworks";
			runOnlyForDeploymentPostprocessing = 0;
		};
/* End PBXCopyFilesBuildPhase section */

/* Begin PBXFileReference section */
		04877A26D51F1347A8C99379 /* Pods_iOS_Template.framework */ = {isa = PBXFileReference; explicitFileType = wrapper.framework; includeInIndex = 0; path = Pods_iOS_Template.framework; sourceTree = BUILT_PRODUCTS_DIR; };
		657B568054FDB8B78B36A64A /* Pods-iOS-Template.debug.xcconfig */ = {isa = PBXFileReference; includeInIndex = 1; lastKnownFileType = text.xcconfig; name = "Pods-iOS-Template.debug.xcconfig"; path = "Target Support Files/Pods-iOS-Template/Pods-iOS-Template.debug.xcconfig"; sourceTree = "<group>"; };
		EE3233FF4021667B45E2EF20 /* Pods-iOS-Template.release.xcconfig */ = {isa = PBXFileReference; includeInIndex = 1; lastKnownFileType = text.xcconfig; name = "Pods-iOS-Template.release.xcconfig"; path = "Target Support Files/Pods-iOS-Template/Pods-iOS-Template.release.xcconfig"; sourceTree = "<group>"; };
		FE73479D27E714C40019DB4F /* UIComponents.framework */ = {isa = PBXFileReference; explicitFileType = wrapper.framework; path = UIComponents.framework; sourceTree = BUILT_PRODUCTS_DIR; };
		FE7347A127E714CA0019DB4F /* DataProvider.framework */ = {isa = PBXFileReference; explicitFileType = wrapper.framework; path = DataProvider.framework; sourceTree = BUILT_PRODUCTS_DIR; };
		FE7347F427E715A60019DB4F /* DataProvider.framework */ = {isa = PBXFileReference; explicitFileType = wrapper.framework; path = DataProvider.framework; sourceTree = BUILT_PRODUCTS_DIR; };
		FE7347F827E715AA0019DB4F /* UIComponents.framework */ = {isa = PBXFileReference; explicitFileType = wrapper.framework; path = UIComponents.framework; sourceTree = BUILT_PRODUCTS_DIR; };
		FE7347FB27E715AD0019DB4F /* Utilities.framework */ = {isa = PBXFileReference; explicitFileType = wrapper.framework; path = Utilities.framework; sourceTree = BUILT_PRODUCTS_DIR; };
		FE73480C27E7182A0019DB4F /* iOS-Template-Bridging-Header.h */ = {isa = PBXFileReference; lastKnownFileType = sourcecode.c.h; path = "iOS-Template-Bridging-Header.h"; sourceTree = "<group>"; };
		FEBA463C27E648D0009A75F9 /* iOS-Template.app */ = {isa = PBXFileReference; explicitFileType = wrapper.application; includeInIndex = 0; path = "iOS-Template.app"; sourceTree = BUILT_PRODUCTS_DIR; };
		FEBA463F27E648D0009A75F9 /* AppDelegate.swift */ = {isa = PBXFileReference; lastKnownFileType = sourcecode.swift; path = AppDelegate.swift; sourceTree = "<group>"; };
		FEBA464127E648D0009A75F9 /* SceneDelegate.swift */ = {isa = PBXFileReference; lastKnownFileType = sourcecode.swift; path = SceneDelegate.swift; sourceTree = "<group>"; };
		FEBA464327E648D0009A75F9 /* ViewController.swift */ = {isa = PBXFileReference; lastKnownFileType = sourcecode.swift; path = ViewController.swift; sourceTree = "<group>"; };
		FEBA464627E648D0009A75F9 /* Base */ = {isa = PBXFileReference; lastKnownFileType = file.storyboard; name = Base; path = Base.lproj/Main.storyboard; sourceTree = "<group>"; };
		FEBA464927E648D0009A75F9 /* iOS_Template.xcdatamodel */ = {isa = PBXFileReference; lastKnownFileType = wrapper.xcdatamodel; path = iOS_Template.xcdatamodel; sourceTree = "<group>"; };
		FEBA464B27E648D1009A75F9 /* Assets.xcassets */ = {isa = PBXFileReference; lastKnownFileType = folder.assetcatalog; path = Assets.xcassets; sourceTree = "<group>"; };
		FEBA464E27E648D1009A75F9 /* Base */ = {isa = PBXFileReference; lastKnownFileType = file.storyboard; name = Base; path = Base.lproj/LaunchScreen.storyboard; sourceTree = "<group>"; };
		FEBA465027E648D1009A75F9 /* Info.plist */ = {isa = PBXFileReference; lastKnownFileType = text.plist.xml; path = Info.plist; sourceTree = "<group>"; };
/* End PBXFileReference section */

/* Begin PBXFrameworksBuildPhase section */
		FEBA463927E648D0009A75F9 /* Frameworks */ = {
			isa = PBXFrameworksBuildPhase;
			buildActionMask = 2147483647;
			files = (
				9DBD666A4402FDF552DA39CF /* Pods_iOS_Template.framework in Frameworks */,
				FE7347F927E715AA0019DB4F /* UIComponents.framework in Frameworks */,
				FE7347F527E715A60019DB4F /* DataProvider.framework in Frameworks */,
				FE7347FC27E715AD0019DB4F /* Utilities.framework in Frameworks */,
			);
			runOnlyForDeploymentPostprocessing = 0;
		};
/* End PBXFrameworksBuildPhase section */

/* Begin PBXGroup section */
		61CCB6795EDA5FF348F38BD1 /* Frameworks */ = {
			isa = PBXGroup;
			children = (
				FE7347FB27E715AD0019DB4F /* Utilities.framework */,
				FE7347F827E715AA0019DB4F /* UIComponents.framework */,
				FE7347F427E715A60019DB4F /* DataProvider.framework */,
				FE7347A127E714CA0019DB4F /* DataProvider.framework */,
				FE73479D27E714C40019DB4F /* UIComponents.framework */,
				04877A26D51F1347A8C99379 /* Pods_iOS_Template.framework */,
			);
			name = Frameworks;
			sourceTree = "<group>";
		};
		F2ECFF5F2502586978FE9DC5 /* Pods */ = {
			isa = PBXGroup;
			children = (
				657B568054FDB8B78B36A64A /* Pods-iOS-Template.debug.xcconfig */,
				EE3233FF4021667B45E2EF20 /* Pods-iOS-Template.release.xcconfig */,
			);
			path = Pods;
			sourceTree = "<group>";
		};
		FE73480A27E717E40019DB4F /* Configure */ = {
			isa = PBXGroup;
			children = (
				FE73480C27E7182A0019DB4F /* iOS-Template-Bridging-Header.h */,
			);
			path = Configure;
			sourceTree = "<group>";
		};
		FEBA463327E648D0009A75F9 = {
			isa = PBXGroup;
			children = (
				FEBA463E27E648D0009A75F9 /* iOS-Template */,
				FEBA463D27E648D0009A75F9 /* Products */,
				F2ECFF5F2502586978FE9DC5 /* Pods */,
				61CCB6795EDA5FF348F38BD1 /* Frameworks */,
			);
			sourceTree = "<group>";
		};
		FEBA463D27E648D0009A75F9 /* Products */ = {
			isa = PBXGroup;
			children = (
				FEBA463C27E648D0009A75F9 /* iOS-Template.app */,
			);
			name = Products;
			sourceTree = "<group>";
		};
		FEBA463E27E648D0009A75F9 /* iOS-Template */ = {
			isa = PBXGroup;
			children = (
				FE73480A27E717E40019DB4F /* Configure */,
				FEBA463F27E648D0009A75F9 /* AppDelegate.swift */,
				FEBA464127E648D0009A75F9 /* SceneDelegate.swift */,
				FEBA464327E648D0009A75F9 /* ViewController.swift */,
				FEBA464527E648D0009A75F9 /* Main.storyboard */,
				FEBA464B27E648D1009A75F9 /* Assets.xcassets */,
				FEBA464D27E648D1009A75F9 /* LaunchScreen.storyboard */,
				FEBA465027E648D1009A75F9 /* Info.plist */,
				FEBA464827E648D0009A75F9 /* iOS_Template.xcdatamodeld */,
			);
			path = "iOS-Template";
			sourceTree = "<group>";
		};
/* End PBXGroup section */

/* Begin PBXNativeTarget section */
		FEBA463B27E648D0009A75F9 /* iOS-Template */ = {
			isa = PBXNativeTarget;
			buildConfigurationList = FEBA465327E648D1009A75F9 /* Build configuration list for PBXNativeTarget "iOS-Template" */;
			buildPhases = (
				212F6D3A11D410D3542863D2 /* [CP] Check Pods Manifest.lock */,
				FEBA463827E648D0009A75F9 /* Sources */,
				FEBA463927E648D0009A75F9 /* Frameworks */,
				FEBA463A27E648D0009A75F9 /* Resources */,
				98455DC3585A96D402F8C093 /* [CP] Embed Pods Frameworks */,
				FE7347F727E715A60019DB4F /* Embed Frameworks */,
			);
			buildRules = (
			);
			dependencies = (
			);
			name = "iOS-Template";
			productName = "iOS-Template";
			productReference = FEBA463C27E648D0009A75F9 /* iOS-Template.app */;
			productType = "com.apple.product-type.application";
		};
/* End PBXNativeTarget section */

/* Begin PBXProject section */
		FEBA463427E648D0009A75F9 /* Project object */ = {
			isa = PBXProject;
			attributes = {
				BuildIndependentTargetsInParallel = 1;
				LastSwiftUpdateCheck = 1310;
				LastUpgradeCheck = 1310;
				TargetAttributes = {
					FEBA463B27E648D0009A75F9 = {
						CreatedOnToolsVersion = 13.1;
						LastSwiftMigration = 1330;
					};
				};
			};
			buildConfigurationList = FEBA463727E648D0009A75F9 /* Build configuration list for PBXProject "iOS-Template" */;
			compatibilityVersion = "Xcode 13.0";
			developmentRegion = en;
			hasScannedForEncodings = 0;
			knownRegions = (
				en,
				Base,
			);
			mainGroup = FEBA463327E648D0009A75F9;
			productRefGroup = FEBA463D27E648D0009A75F9 /* Products */;
			projectDirPath = "";
			projectRoot = "";
			targets = (
				FEBA463B27E648D0009A75F9 /* iOS-Template */,
			);
		};
/* End PBXProject section */

/* Begin PBXResourcesBuildPhase section */
		FEBA463A27E648D0009A75F9 /* Resources */ = {
			isa = PBXResourcesBuildPhase;
			buildActionMask = 2147483647;
			files = (
				FEBA464F27E648D1009A75F9 /* LaunchScreen.storyboard in Resources */,
				FEBA464C27E648D1009A75F9 /* Assets.xcassets in Resources */,
				FEBA464727E648D0009A75F9 /* Main.storyboard in Resources */,
			);
			runOnlyForDeploymentPostprocessing = 0;
		};
/* End PBXResourcesBuildPhase section */

/* Begin PBXShellScriptBuildPhase section */
		212F6D3A11D410D3542863D2 /* [CP] Check Pods Manifest.lock */ = {
			isa = PBXShellScriptBuildPhase;
			buildActionMask = 2147483647;
			files = (
			);
			inputFileListPaths = (
			);
			inputPaths = (
				"${PODS_PODFILE_DIR_PATH}/Podfile.lock",
				"${PODS_ROOT}/Manifest.lock",
			);
			name = "[CP] Check Pods Manifest.lock";
			outputFileListPaths = (
			);
			outputPaths = (
				"$(DERIVED_FILE_DIR)/Pods-iOS-Template-checkManifestLockResult.txt",
			);
			runOnlyForDeploymentPostprocessing = 0;
			shellPath = /bin/sh;
			shellScript = "diff \"${PODS_PODFILE_DIR_PATH}/Podfile.lock\" \"${PODS_ROOT}/Manifest.lock\" > /dev/null\nif [ $? != 0 ] ; then\n    # print error to STDERR\n    echo \"error: The sandbox is not in sync with the Podfile.lock. Run 'pod install' or update your CocoaPods installation.\" >&2\n    exit 1\nfi\n# This output is used by Xcode 'outputs' to avoid re-running this script phase.\necho \"SUCCESS\" > \"${SCRIPT_OUTPUT_FILE_0}\"\n";
			showEnvVarsInLog = 0;
		};
		98455DC3585A96D402F8C093 /* [CP] Embed Pods Frameworks */ = {
			isa = PBXShellScriptBuildPhase;
			buildActionMask = 2147483647;
			files = (
			);
			inputFileListPaths = (
				"${PODS_ROOT}/Target Support Files/Pods-iOS-Template/Pods-iOS-Template-frameworks-${CONFIGURATION}-input-files.xcfilelist",
			);
			name = "[CP] Embed Pods Frameworks";
			outputFileListPaths = (
				"${PODS_ROOT}/Target Support Files/Pods-iOS-Template/Pods-iOS-Template-frameworks-${CONFIGURATION}-output-files.xcfilelist",
			);
			runOnlyForDeploymentPostprocessing = 0;
			shellPath = /bin/sh;
			shellScript = "\"${PODS_ROOT}/Target Support Files/Pods-iOS-Template/Pods-iOS-Template-frameworks.sh\"\n";
			showEnvVarsInLog = 0;
		};
/* End PBXShellScriptBuildPhase section */

/* Begin PBXSourcesBuildPhase section */
		FEBA463827E648D0009A75F9 /* Sources */ = {
			isa = PBXSourcesBuildPhase;
			buildActionMask = 2147483647;
			files = (
				FEBA464427E648D0009A75F9 /* ViewController.swift in Sources */,
				FEBA464027E648D0009A75F9 /* AppDelegate.swift in Sources */,
				FEBA464227E648D0009A75F9 /* SceneDelegate.swift in Sources */,
				FEBA464A27E648D0009A75F9 /* iOS_Template.xcdatamodeld in Sources */,
			);
			runOnlyForDeploymentPostprocessing = 0;
		};
/* End PBXSourcesBuildPhase section */

/* Begin PBXVariantGroup section */
		FEBA464527E648D0009A75F9 /* Main.storyboard */ = {
			isa = PBXVariantGroup;
			children = (
				FEBA464627E648D0009A75F9 /* Base */,
			);
			name = Main.storyboard;
			sourceTree = "<group>";
		};
		FEBA464D27E648D1009A75F9 /* LaunchScreen.storyboard */ = {
			isa = PBXVariantGroup;
			children = (
				FEBA464E27E648D1009A75F9 /* Base */,
			);
			name = LaunchScreen.storyboard;
			sourceTree = "<group>";
		};
/* End PBXVariantGroup section */

/* Begin XCBuildConfiguration section */
		FEBA465127E648D1009A75F9 /* Debug */ = {
			isa = XCBuildConfiguration;
			buildSettings = {
				ALWAYS_SEARCH_USER_PATHS = NO;
				CLANG_ANALYZER_NONNULL = YES;
				CLANG_ANALYZER_NUMBER_OBJECT_CONVERSION = YES_AGGRESSIVE;
				CLANG_CXX_LANGUAGE_STANDARD = "gnu++17";
				CLANG_CXX_LIBRARY = "libc++";
				CLANG_ENABLE_MODULES = YES;
				CLANG_ENABLE_OBJC_ARC = YES;
				CLANG_ENABLE_OBJC_WEAK = YES;
				CLANG_WARN_BLOCK_CAPTURE_AUTORELEASING = YES;
				CLANG_WARN_BOOL_CONVERSION = YES;
				CLANG_WARN_COMMA = YES;
				CLANG_WARN_CONSTANT_CONVERSION = YES;
				CLANG_WARN_DEPRECATED_OBJC_IMPLEMENTATIONS = YES;
				CLANG_WARN_DIRECT_OBJC_ISA_USAGE = YES_ERROR;
				CLANG_WARN_DOCUMENTATION_COMMENTS = YES;
				CLANG_WARN_EMPTY_BODY = YES;
				CLANG_WARN_ENUM_CONVERSION = YES;
				CLANG_WARN_INFINITE_RECURSION = YES;
				CLANG_WARN_INT_CONVERSION = YES;
				CLANG_WARN_NON_LITERAL_NULL_CONVERSION = YES;
				CLANG_WARN_OBJC_IMPLICIT_RETAIN_SELF = YES;
				CLANG_WARN_OBJC_LITERAL_CONVERSION = YES;
				CLANG_WARN_OBJC_ROOT_CLASS = YES_ERROR;
				CLANG_WARN_QUOTED_INCLUDE_IN_FRAMEWORK_HEADER = YES;
				CLANG_WARN_RANGE_LOOP_ANALYSIS = YES;
				CLANG_WARN_STRICT_PROTOTYPES = YES;
				CLANG_WARN_SUSPICIOUS_MOVE = YES;
				CLANG_WARN_UNGUARDED_AVAILABILITY = YES_AGGRESSIVE;
				CLANG_WARN_UNREACHABLE_CODE = YES;
				CLANG_WARN__DUPLICATE_METHOD_MATCH = YES;
				COPY_PHASE_STRIP = NO;
				DEBUG_INFORMATION_FORMAT = dwarf;
				ENABLE_STRICT_OBJC_MSGSEND = YES;
				ENABLE_TESTABILITY = YES;
				GCC_C_LANGUAGE_STANDARD = gnu11;
				GCC_DYNAMIC_NO_PIC = NO;
				GCC_NO_COMMON_BLOCKS = YES;
				GCC_OPTIMIZATION_LEVEL = 0;
				GCC_PREPROCESSOR_DEFINITIONS = (
					"DEBUG=1",
					"$(inherited)",
				);
				GCC_WARN_64_TO_32_BIT_CONVERSION = YES;
				GCC_WARN_ABOUT_RETURN_TYPE = YES_ERROR;
				GCC_WARN_UNDECLARED_SELECTOR = YES;
				GCC_WARN_UNINITIALIZED_AUTOS = YES_AGGRESSIVE;
				GCC_WARN_UNUSED_FUNCTION = YES;
				GCC_WARN_UNUSED_VARIABLE = YES;
				IPHONEOS_DEPLOYMENT_TARGET = 15.0;
				MTL_ENABLE_DEBUG_INFO = INCLUDE_SOURCE;
				MTL_FAST_MATH = YES;
				ONLY_ACTIVE_ARCH = YES;
				SDKROOT = iphoneos;
				SWIFT_ACTIVE_COMPILATION_CONDITIONS = DEBUG;
				SWIFT_OPTIMIZATION_LEVEL = "-Onone";
			};
			name = Debug;
		};
		FEBA465227E648D1009A75F9 /* Release */ = {
			isa = XCBuildConfiguration;
			buildSettings = {
				ALWAYS_SEARCH_USER_PATHS = NO;
				CLANG_ANALYZER_NONNULL = YES;
				CLANG_ANALYZER_NUMBER_OBJECT_CONVERSION = YES_AGGRESSIVE;
				CLANG_CXX_LANGUAGE_STANDARD = "gnu++17";
				CLANG_CXX_LIBRARY = "libc++";
				CLANG_ENABLE_MODULES = YES;
				CLANG_ENABLE_OBJC_ARC = YES;
				CLANG_ENABLE_OBJC_WEAK = YES;
				CLANG_WARN_BLOCK_CAPTURE_AUTORELEASING = YES;
				CLANG_WARN_BOOL_CONVERSION = YES;
				CLANG_WARN_COMMA = YES;
				CLANG_WARN_CONSTANT_CONVERSION = YES;
				CLANG_WARN_DEPRECATED_OBJC_IMPLEMENTATIONS = YES;
				CLANG_WARN_DIRECT_OBJC_ISA_USAGE = YES_ERROR;
				CLANG_WARN_DOCUMENTATION_COMMENTS = YES;
				CLANG_WARN_EMPTY_BODY = YES;
				CLANG_WARN_ENUM_CONVERSION = YES;
				CLANG_WARN_INFINITE_RECURSION = YES;
				CLANG_WARN_INT_CONVERSION = YES;
				CLANG_WARN_NON_LITERAL_NULL_CONVERSION = YES;
				CLANG_WARN_OBJC_IMPLICIT_RETAIN_SELF = YES;
				CLANG_WARN_OBJC_LITERAL_CONVERSION = YES;
				CLANG_WARN_OBJC_ROOT_CLASS = YES_ERROR;
				CLANG_WARN_QUOTED_INCLUDE_IN_FRAMEWORK_HEADER = YES;
				CLANG_WARN_RANGE_LOOP_ANALYSIS = YES;
				CLANG_WARN_STRICT_PROTOTYPES = YES;
				CLANG_WARN_SUSPICIOUS_MOVE = YES;
				CLANG_WARN_UNGUARDED_AVAILABILITY = YES_AGGRESSIVE;
				CLANG_WARN_UNREACHABLE_CODE = YES;
				CLANG_WARN__DUPLICATE_METHOD_MATCH = YES;
				COPY_PHASE_STRIP = NO;
				DEBUG_INFORMATION_FORMAT = "dwarf-with-dsym";
				ENABLE_NS_ASSERTIONS = NO;
				ENABLE_STRICT_OBJC_MSGSEND = YES;
				GCC_C_LANGUAGE_STANDARD = gnu11;
				GCC_NO_COMMON_BLOCKS = YES;
				GCC_WARN_64_TO_32_BIT_CONVERSION = YES;
				GCC_WARN_ABOUT_RETURN_TYPE = YES_ERROR;
				GCC_WARN_UNDECLARED_SELECTOR = YES;
				GCC_WARN_UNINITIALIZED_AUTOS = YES_AGGRESSIVE;
				GCC_WARN_UNUSED_FUNCTION = YES;
				GCC_WARN_UNUSED_VARIABLE = YES;
				IPHONEOS_DEPLOYMENT_TARGET = 15.0;
				MTL_ENABLE_DEBUG_INFO = NO;
				MTL_FAST_MATH = YES;
				SDKROOT = iphoneos;
				SWIFT_COMPILATION_MODE = wholemodule;
				SWIFT_OPTIMIZATION_LEVEL = "-O";
				VALIDATE_PRODUCT = YES;
			};
			name = Release;
		};
		FEBA465427E648D1009A75F9 /* Debug */ = {
			isa = XCBuildConfiguration;
			baseConfigurationReference = 657B568054FDB8B78B36A64A /* Pods-iOS-Template.debug.xcconfig */;
			buildSettings = {
				ASSETCATALOG_COMPILER_APPICON_NAME = AppIcon;
				ASSETCATALOG_COMPILER_GLOBAL_ACCENT_COLOR_NAME = AccentColor;
				CLANG_ENABLE_MODULES = YES;
				CODE_SIGN_STYLE = Automatic;
				CURRENT_PROJECT_VERSION = 1;
				GENERATE_INFOPLIST_FILE = YES;
				INFOPLIST_FILE = "iOS-Template/Info.plist";
				INFOPLIST_KEY_UIApplicationSupportsIndirectInputEvents = YES;
				INFOPLIST_KEY_UILaunchStoryboardName = LaunchScreen;
				INFOPLIST_KEY_UIMainStoryboardFile = Main;
				INFOPLIST_KEY_UISupportedInterfaceOrientations_iPad = "UIInterfaceOrientationPortrait UIInterfaceOrientationPortraitUpsideDown UIInterfaceOrientationLandscapeLeft UIInterfaceOrientationLandscapeRight";
				INFOPLIST_KEY_UISupportedInterfaceOrientations_iPhone = "UIInterfaceOrientationPortrait UIInterfaceOrientationLandscapeLeft UIInterfaceOrientationLandscapeRight";
				IPHONEOS_DEPLOYMENT_TARGET = 13.0;
				LD_RUNPATH_SEARCH_PATHS = (
					"$(inherited)",
					"@executable_path/Frameworks",
				);
				MARKETING_VERSION = 1.0;
				PRODUCT_BUNDLE_IDENTIFIER = "testapp.iOS-Template";
				PRODUCT_NAME = "$(TARGET_NAME)";
				SWIFT_EMIT_LOC_STRINGS = YES;
				SWIFT_OBJC_BRIDGING_HEADER = "iOS-Template/Configure/iOS-Template-Bridging-Header.h";
				SWIFT_OPTIMIZATION_LEVEL = "-Onone";
				SWIFT_VERSION = 5.0;
				TARGETED_DEVICE_FAMILY = "1,2";
			};
			name = Debug;
		};
		FEBA465527E648D1009A75F9 /* Release */ = {
			isa = XCBuildConfiguration;
			baseConfigurationReference = EE3233FF4021667B45E2EF20 /* Pods-iOS-Template.release.xcconfig */;
			buildSettings = {
				ASSETCATALOG_COMPILER_APPICON_NAME = AppIcon;
				ASSETCATALOG_COMPILER_GLOBAL_ACCENT_COLOR_NAME = AccentColor;
				CLANG_ENABLE_MODULES = YES;
				CODE_SIGN_STYLE = Automatic;
				CURRENT_PROJECT_VERSION = 1;
				GENERATE_INFOPLIST_FILE = YES;
				INFOPLIST_FILE = "iOS-Template/Info.plist";
				INFOPLIST_KEY_UIApplicationSupportsIndirectInputEvents = YES;
				INFOPLIST_KEY_UILaunchStoryboardName = LaunchScreen;
				INFOPLIST_KEY_UIMainStoryboardFile = Main;
				INFOPLIST_KEY_UISupportedInterfaceOrientations_iPad = "UIInterfaceOrientationPortrait UIInterfaceOrientationPortraitUpsideDown UIInterfaceOrientationLandscapeLeft UIInterfaceOrientationLandscapeRight";
				INFOPLIST_KEY_UISupportedInterfaceOrientations_iPhone = "UIInterfaceOrientationPortrait UIInterfaceOrientationLandscapeLeft UIInterfaceOrientationLandscapeRight";
				IPHONEOS_DEPLOYMENT_TARGET = 13.0;
				LD_RUNPATH_SEARCH_PATHS = (
					"$(inherited)",
					"@executable_path/Frameworks",
				);
				MARKETING_VERSION = 1.0;
				PRODUCT_BUNDLE_IDENTIFIER = "testapp.iOS-Template";
				PRODUCT_NAME = "$(TARGET_NAME)";
				SWIFT_EMIT_LOC_STRINGS = YES;
				SWIFT_OBJC_BRIDGING_HEADER = "iOS-Template/Configure/iOS-Template-Bridging-Header.h";
				SWIFT_VERSION = 5.0;
				TARGETED_DEVICE_FAMILY = "1,2";
			};
			name = Release;
		};
/* End XCBuildConfiguration section */

/* Begin XCConfigurationList section */
		FEBA463727E648D0009A75F9 /* Build configuration list for PBXProject "iOS-Template" */ = {
			isa = XCConfigurationList;
			buildConfigurations = (
				FEBA465127E648D1009A75F9 /* Debug */,
				FEBA465227E648D1009A75F9 /* Release */,
			);
			defaultConfigurationIsVisible = 0;
			defaultConfigurationName = Release;
		};
		FEBA465327E648D1009A75F9 /* Build configuration list for PBXNativeTarget "iOS-Template" */ = {
			isa = XCConfigurationList;
			buildConfigurations = (
				FEBA465427E648D1009A75F9 /* Debug */,
				FEBA465527E648D1009A75F9 /* Release */,
			);
			defaultConfigurationIsVisible = 0;
			defaultConfigurationName = Release;
		};
/* End XCConfigurationList section */

/* Begin XCVersionGroup section */
		FEBA464827E648D0009A75F9 /* iOS_Template.xcdatamodeld */ = {
			isa = XCVersionGroup;
			children = (
				FEBA464927E648D0009A75F9 /* iOS_Template.xcdatamodel */,
			);
			currentVersion = FEBA464927E648D0009A75F9 /* iOS_Template.xcdatamodel */;
			path = iOS_Template.xcdatamodeld;
			sourceTree = "<group>";
			versionGroupType = wrapper.xcdatamodel;
		};
/* End XCVersionGroup section */
	};
	rootObject = FEBA463427E648D0009A75F9 /* Project object */;
}
