// !$*UTF8*$!
{
	archiveVersion = 1;
	classes = {
	};
	objectVersion = 55;
	objects = {

/* Begin PBXBuildFile section */
		5794728228888F3700F3C1D8 /* Inter-Medium.ttf in Resources */ = {isa = PBXBuildFile; fileRef = 5794726B28888F3700F3C1D8 /* Inter-Medium.ttf */; };
		5794728328888F3700F3C1D8 /* Inter-Light.ttf in Resources */ = {isa = PBXBuildFile; fileRef = 5794726C28888F3700F3C1D8 /* Inter-Light.ttf */; };
		5794728428888F3700F3C1D8 /* Inter-Thin.ttf in Resources */ = {isa = PBXBuildFile; fileRef = 5794726D28888F3700F3C1D8 /* Inter-Thin.ttf */; };
		5794728528888F3700F3C1D8 /* Inter-Bold.ttf in Resources */ = {isa = PBXBuildFile; fileRef = 5794726E28888F3700F3C1D8 /* Inter-Bold.ttf */; };
		5794728628888F3700F3C1D8 /* Inter-Regular.ttf in Resources */ = {isa = PBXBuildFile; fileRef = 5794726F28888F3700F3C1D8 /* Inter-Regular.ttf */; };
		5794728728888F3700F3C1D8 /* Inter-ExtraBold.ttf in Resources */ = {isa = PBXBuildFile; fileRef = 5794727028888F3700F3C1D8 /* Inter-ExtraBold.ttf */; };
		5794728828888F3700F3C1D8 /* Inter-ExtraLight.ttf in Resources */ = {isa = PBXBuildFile; fileRef = 5794727128888F3700F3C1D8 /* Inter-ExtraLight.ttf */; };
		5794728928888F3700F3C1D8 /* Inter-Black.ttf in Resources */ = {isa = PBXBuildFile; fileRef = 5794727228888F3700F3C1D8 /* Inter-Black.ttf */; };
		5794728A28888F3700F3C1D8 /* Inter-SemiBold.ttf in Resources */ = {isa = PBXBuildFile; fileRef = 5794727328888F3700F3C1D8 /* Inter-SemiBold.ttf */; };
		5794728E28888F3700F3C1D8 /* Colors.xcassets in Resources */ = {isa = PBXBuildFile; fileRef = 5794727828888F3700F3C1D8 /* Colors.xcassets */; };
		5794729028888F3700F3C1D8 /* Icons.xcassets in Resources */ = {isa = PBXBuildFile; fileRef = 5794727A28888F3700F3C1D8 /* Icons.xcassets */; };
		5794729228888F3700F3C1D8 /* Images.xcassets in Resources */ = {isa = PBXBuildFile; fileRef = 5794727C28888F3700F3C1D8 /* Images.xcassets */; };
		5794729728888FE300F3C1D8 /* Utilities.framework in Frameworks */ = {isa = PBXBuildFile; fileRef = 5794729628888FE300F3C1D8 /* Utilities.framework */; };
		5794729A28888FF500F3C1D8 /* Localizable.strings in Resources */ = {isa = PBXBuildFile; fileRef = 5794729C28888FF500F3C1D8 /* Localizable.strings */; };
		579472AB28889E4800F3C1D8 /* swiftgen.yml in Resources */ = {isa = PBXBuildFile; fileRef = 579472AA28889E4800F3C1D8 /* swiftgen.yml */; };
		BFD5292D9C247C84C4F16C2D /* Pods_UIComponents.framework in Frameworks */ = {isa = PBXBuildFile; fileRef = 579472AE2889D67200F3C1D8 /* Pods_UIComponents.framework */; };
		FE7347C627E715580019DB4F /* UIComponents.h in Headers */ = {isa = PBXBuildFile; fileRef = FE7347C527E715580019DB4F /* UIComponents.h */; settings = {ATTRIBUTES = (Public, ); }; };
		FE73480327E716130019DB4F /* NSMutableAttributedString+Extension.swift in Sources */ = {isa = PBXBuildFile; fileRef = FE7347FF27E716130019DB4F /* NSMutableAttributedString+Extension.swift */; };
		FE73480427E716130019DB4F /* UICollectionView+Extensions.swift in Sources */ = {isa = PBXBuildFile; fileRef = FE73480027E716130019DB4F /* UICollectionView+Extensions.swift */; };
		FE73480527E716130019DB4F /* UIView+Extensions.swift in Sources */ = {isa = PBXBuildFile; fileRef = FE73480127E716130019DB4F /* UIView+Extensions.swift */; };
		FE73480627E716130019DB4F /* UITableView+Extensions.swift in Sources */ = {isa = PBXBuildFile; fileRef = FE73480227E716130019DB4F /* UITableView+Extensions.swift */; };
		FE73480927E7164A0019DB4F /* ReusableView.swift in Sources */ = {isa = PBXBuildFile; fileRef = FE73480827E7164A0019DB4F /* ReusableView.swift */; };
/* End PBXBuildFile section */

/* Begin PBXFileReference section */
		017205D27D9379550173DA92 /* Pods-UIComponents.release.xcconfig */ = {isa = PBXFileReference; includeInIndex = 1; lastKnownFileType = text.xcconfig; name = "Pods-UIComponents.release.xcconfig"; path = "Target Support Files/Pods-UIComponents/Pods-UIComponents.release.xcconfig"; sourceTree = "<group>"; };
		5794726B28888F3700F3C1D8 /* Inter-Medium.ttf */ = {isa = PBXFileReference; lastKnownFileType = file; path = "Inter-Medium.ttf"; sourceTree = "<group>"; };
		5794726C28888F3700F3C1D8 /* Inter-Light.ttf */ = {isa = PBXFileReference; lastKnownFileType = file; path = "Inter-Light.ttf"; sourceTree = "<group>"; };
		5794726D28888F3700F3C1D8 /* Inter-Thin.ttf */ = {isa = PBXFileReference; lastKnownFileType = file; path = "Inter-Thin.ttf"; sourceTree = "<group>"; };
		5794726E28888F3700F3C1D8 /* Inter-Bold.ttf */ = {isa = PBXFileReference; lastKnownFileType = file; path = "Inter-Bold.ttf"; sourceTree = "<group>"; };
		5794726F28888F3700F3C1D8 /* Inter-Regular.ttf */ = {isa = PBXFileReference; lastKnownFileType = file; path = "Inter-Regular.ttf"; sourceTree = "<group>"; };
		5794727028888F3700F3C1D8 /* Inter-ExtraBold.ttf */ = {isa = PBXFileReference; lastKnownFileType = file; path = "Inter-ExtraBold.ttf"; sourceTree = "<group>"; };
		5794727128888F3700F3C1D8 /* Inter-ExtraLight.ttf */ = {isa = PBXFileReference; lastKnownFileType = file; path = "Inter-ExtraLight.ttf"; sourceTree = "<group>"; };
		5794727228888F3700F3C1D8 /* Inter-Black.ttf */ = {isa = PBXFileReference; lastKnownFileType = file; path = "Inter-Black.ttf"; sourceTree = "<group>"; };
		5794727328888F3700F3C1D8 /* Inter-SemiBold.ttf */ = {isa = PBXFileReference; lastKnownFileType = file; path = "Inter-SemiBold.ttf"; sourceTree = "<group>"; };
		5794727828888F3700F3C1D8 /* Colors.xcassets */ = {isa = PBXFileReference; lastKnownFileType = folder.assetcatalog; path = Colors.xcassets; sourceTree = "<group>"; };
		5794727A28888F3700F3C1D8 /* Icons.xcassets */ = {isa = PBXFileReference; lastKnownFileType = folder.assetcatalog; path = Icons.xcassets; sourceTree = "<group>"; };
		5794727C28888F3700F3C1D8 /* Images.xcassets */ = {isa = PBXFileReference; lastKnownFileType = folder.assetcatalog; path = Images.xcassets; sourceTree = "<group>"; };
		5794729628888FE300F3C1D8 /* Utilities.framework */ = {isa = PBXFileReference; explicitFileType = wrapper.framework; path = Utilities.framework; sourceTree = BUILT_PRODUCTS_DIR; };
		5794729B28888FF500F3C1D8 /* en */ = {isa = PBXFileReference; lastKnownFileType = text.plist.strings; name = en; path = en.lproj/Localizable.strings; sourceTree = "<group>"; };
		5794729D28888FFD00F3C1D8 /* tr */ = {isa = PBXFileReference; lastKnownFileType = text.plist.strings; name = tr; path = tr.lproj/Localizable.strings; sourceTree = "<group>"; };
		5794729E2888921E00F3C1D8 /* Info.plist */ = {isa = PBXFileReference; lastKnownFileType = text.plist; path = Info.plist; sourceTree = "<group>"; };
		579472AA28889E4800F3C1D8 /* swiftgen.yml */ = {isa = PBXFileReference; lastKnownFileType = text.yaml; path = swiftgen.yml; sourceTree = "<group>"; };
		579472AD2889D44400F3C1D8 /* libpoll.tbd */ = {isa = PBXFileReference; lastKnownFileType = "sourcecode.text-based-dylib-definition"; name = libpoll.tbd; path = usr/lib/libpoll.tbd; sourceTree = SDKROOT; };
		579472AE2889D67200F3C1D8 /* Pods_UIComponents.framework */ = {isa = PBXFileReference; explicitFileType = wrapper.framework; path = Pods_UIComponents.framework; sourceTree = BUILT_PRODUCTS_DIR; };
		63FFBDCF860852E97C663915 /* Pods-UIComponents.debug.xcconfig */ = {isa = PBXFileReference; includeInIndex = 1; lastKnownFileType = text.xcconfig; name = "Pods-UIComponents.debug.xcconfig"; path = "Target Support Files/Pods-UIComponents/Pods-UIComponents.debug.xcconfig"; sourceTree = "<group>"; };
		FC6F78B05FEFA3BCB786A95F /* Pods_UIComponents.framework */ = {isa = PBXFileReference; explicitFileType = wrapper.framework; includeInIndex = 0; path = Pods_UIComponents.framework; sourceTree = BUILT_PRODUCTS_DIR; };
		FE7347C227E715580019DB4F /* UIComponents.framework */ = {isa = PBXFileReference; explicitFileType = wrapper.framework; includeInIndex = 0; path = UIComponents.framework; sourceTree = BUILT_PRODUCTS_DIR; };
		FE7347C527E715580019DB4F /* UIComponents.h */ = {isa = PBXFileReference; lastKnownFileType = sourcecode.c.h; path = UIComponents.h; sourceTree = "<group>"; };
		FE7347FF27E716130019DB4F /* NSMutableAttributedString+Extension.swift */ = {isa = PBXFileReference; fileEncoding = 4; lastKnownFileType = sourcecode.swift; path = "NSMutableAttributedString+Extension.swift"; sourceTree = "<group>"; };
		FE73480027E716130019DB4F /* UICollectionView+Extensions.swift */ = {isa = PBXFileReference; fileEncoding = 4; lastKnownFileType = sourcecode.swift; path = "UICollectionView+Extensions.swift"; sourceTree = "<group>"; };
		FE73480127E716130019DB4F /* UIView+Extensions.swift */ = {isa = PBXFileReference; fileEncoding = 4; lastKnownFileType = sourcecode.swift; path = "UIView+Extensions.swift"; sourceTree = "<group>"; };
		FE73480227E716130019DB4F /* UITableView+Extensions.swift */ = {isa = PBXFileReference; fileEncoding = 4; lastKnownFileType = sourcecode.swift; path = "UITableView+Extensions.swift"; sourceTree = "<group>"; };
		FE73480827E7164A0019DB4F /* ReusableView.swift */ = {isa = PBXFileReference; fileEncoding = 4; lastKnownFileType = sourcecode.swift; path = ReusableView.swift; sourceTree = "<group>"; };
/* End PBXFileReference section */

/* Begin PBXFrameworksBuildPhase section */
		FE7347BF27E715580019DB4F /* Frameworks */ = {
			isa = PBXFrameworksBuildPhase;
			buildActionMask = 2147483647;
			files = (
				5794729728888FE300F3C1D8 /* Utilities.framework in Frameworks */,
				BFD5292D9C247C84C4F16C2D /* Pods_UIComponents.framework in Frameworks */,
			);
			runOnlyForDeploymentPostprocessing = 0;
		};
/* End PBXFrameworksBuildPhase section */

/* Begin PBXGroup section */
		512FE9E63EFA4C8618A45625 /* Pods */ = {
			isa = PBXGroup;
			children = (
				63FFBDCF860852E97C663915 /* Pods-UIComponents.debug.xcconfig */,
				017205D27D9379550173DA92 /* Pods-UIComponents.release.xcconfig */,
			);
			name = Pods;
			path = ../Pods;
			sourceTree = "<group>";
		};
		5794725F28888F3700F3C1D8 /* Resources */ = {
			isa = PBXGroup;
			children = (
				5794726028888F3700F3C1D8 /* Strings */,
				5794726828888F3700F3C1D8 /* Fonts */,
				5794727528888F3700F3C1D8 /* Assets */,
			);
			path = Resources;
			sourceTree = "<group>";
		};
		5794726028888F3700F3C1D8 /* Strings */ = {
			isa = PBXGroup;
			children = (
				5794729C28888FF500F3C1D8 /* Localizable.strings */,
			);
			path = Strings;
			sourceTree = "<group>";
		};
		5794726828888F3700F3C1D8 /* Fonts */ = {
			isa = PBXGroup;
			children = (
				5794726A28888F3700F3C1D8 /* Inter */,
			);
			path = Fonts;
			sourceTree = "<group>";
		};
		5794726A28888F3700F3C1D8 /* Inter */ = {
			isa = PBXGroup;
			children = (
				5794726B28888F3700F3C1D8 /* Inter-Medium.ttf */,
				5794726C28888F3700F3C1D8 /* Inter-Light.ttf */,
				5794726D28888F3700F3C1D8 /* Inter-Thin.ttf */,
				5794726E28888F3700F3C1D8 /* Inter-Bold.ttf */,
				5794726F28888F3700F3C1D8 /* Inter-Regular.ttf */,
				5794727028888F3700F3C1D8 /* Inter-ExtraBold.ttf */,
				5794727128888F3700F3C1D8 /* Inter-ExtraLight.ttf */,
				5794727228888F3700F3C1D8 /* Inter-Black.ttf */,
				5794727328888F3700F3C1D8 /* Inter-SemiBold.ttf */,
			);
			path = Inter;
			sourceTree = "<group>";
		};
		5794727528888F3700F3C1D8 /* Assets */ = {
			isa = PBXGroup;
			children = (
				5794727828888F3700F3C1D8 /* Colors.xcassets */,
				5794727A28888F3700F3C1D8 /* Icons.xcassets */,
				5794727C28888F3700F3C1D8 /* Images.xcassets */,
			);
			path = Assets;
			sourceTree = "<group>";
		};
		E735DDAA7FA619F08D55B1D9 /* Frameworks */ = {
			isa = PBXGroup;
			children = (
				579472AE2889D67200F3C1D8 /* Pods_UIComponents.framework */,
				579472AD2889D44400F3C1D8 /* libpoll.tbd */,
				5794729628888FE300F3C1D8 /* Utilities.framework */,
				FC6F78B05FEFA3BCB786A95F /* Pods_UIComponents.framework */,
			);
			name = Frameworks;
			sourceTree = "<group>";
		};
		FE7347B827E715580019DB4F = {
			isa = PBXGroup;
			children = (
				579472AA28889E4800F3C1D8 /* swiftgen.yml */,
				FE7347C427E715580019DB4F /* UIComponents */,
				FE7347C327E715580019DB4F /* Products */,
				512FE9E63EFA4C8618A45625 /* Pods */,
				E735DDAA7FA619F08D55B1D9 /* Frameworks */,
			);
			sourceTree = "<group>";
		};
		FE7347C327E715580019DB4F /* Products */ = {
			isa = PBXGroup;
			children = (
				FE7347C227E715580019DB4F /* UIComponents.framework */,
			);
			name = Products;
			sourceTree = "<group>";
		};
		FE7347C427E715580019DB4F /* UIComponents */ = {
			isa = PBXGroup;
			children = (
				5794729E2888921E00F3C1D8 /* Info.plist */,
				5794725F28888F3700F3C1D8 /* Resources */,
				FE73480727E7164A0019DB4F /* Protocols */,
				FE7347FE27E716040019DB4F /* Extensions */,
				FE7347C527E715580019DB4F /* UIComponents.h */,
			);
			path = UIComponents;
			sourceTree = "<group>";
		};
		FE7347FE27E716040019DB4F /* Extensions */ = {
			isa = PBXGroup;
			children = (
				FE7347FF27E716130019DB4F /* NSMutableAttributedString+Extension.swift */,
				FE73480027E716130019DB4F /* UICollectionView+Extensions.swift */,
				FE73480227E716130019DB4F /* UITableView+Extensions.swift */,
				FE73480127E716130019DB4F /* UIView+Extensions.swift */,
			);
			path = Extensions;
			sourceTree = "<group>";
		};
		FE73480727E7164A0019DB4F /* Protocols */ = {
			isa = PBXGroup;
			children = (
				FE73480827E7164A0019DB4F /* ReusableView.swift */,
			);
			path = Protocols;
			sourceTree = "<group>";
		};
/* End PBXGroup section */

/* Begin PBXHeadersBuildPhase section */
		FE7347BD27E715580019DB4F /* Headers */ = {
			isa = PBXHeadersBuildPhase;
			buildActionMask = 2147483647;
			files = (
				FE7347C627E715580019DB4F /* UIComponents.h in Headers */,
			);
			runOnlyForDeploymentPostprocessing = 0;
		};
/* End PBXHeadersBuildPhase section */

/* Begin PBXNativeTarget section */
		FE7347C127E715580019DB4F /* UIComponents */ = {
			isa = PBXNativeTarget;
			buildConfigurationList = FE7347C927E715580019DB4F /* Build configuration list for PBXNativeTarget "UIComponents" */;
			buildPhases = (
				AC7F0AA9EEED67196759D989 /* [CP] Check Pods Manifest.lock */,
				FE7347BD27E715580019DB4F /* Headers */,
				FE7347BE27E715580019DB4F /* Sources */,
				FE7347BF27E715580019DB4F /* Frameworks */,
				FE7347C027E715580019DB4F /* Resources */,
				5794729328888FA700F3C1D8 /* SwiftGen */,
			);
			buildRules = (
			);
			dependencies = (
			);
			name = UIComponents;
			productName = UIComponents;
			productReference = FE7347C227E715580019DB4F /* UIComponents.framework */;
			productType = "com.apple.product-type.framework";
		};
/* End PBXNativeTarget section */

/* Begin PBXProject section */
		FE7347B927E715580019DB4F /* Project object */ = {
			isa = PBXProject;
			attributes = {
				BuildIndependentTargetsInParallel = 1;
				LastUpgradeCheck = 1330;
				TargetAttributes = {
					FE7347C127E715580019DB4F = {
						CreatedOnToolsVersion = 13.3;
						LastSwiftMigration = 1330;
					};
				};
			};
			buildConfigurationList = FE7347BC27E715580019DB4F /* Build configuration list for PBXProject "UIComponents" */;
			compatibilityVersion = "Xcode 13.0";
			developmentRegion = en;
			hasScannedForEncodings = 0;
			knownRegions = (
				en,
				Base,
				tr,
			);
			mainGroup = FE7347B827E715580019DB4F;
			productRefGroup = FE7347C327E715580019DB4F /* Products */;
			projectDirPath = "";
			projectRoot = "";
			targets = (
				FE7347C127E715580019DB4F /* UIComponents */,
			);
		};
/* End PBXProject section */

/* Begin PBXResourcesBuildPhase section */
		FE7347C027E715580019DB4F /* Resources */ = {
			isa = PBXResourcesBuildPhase;
			buildActionMask = 2147483647;
			files = (
				5794728A28888F3700F3C1D8 /* Inter-SemiBold.ttf in Resources */,
				5794728328888F3700F3C1D8 /* Inter-Light.ttf in Resources */,
				5794729028888F3700F3C1D8 /* Icons.xcassets in Resources */,
				5794729A28888FF500F3C1D8 /* Localizable.strings in Resources */,
				5794728E28888F3700F3C1D8 /* Colors.xcassets in Resources */,
				579472AB28889E4800F3C1D8 /* swiftgen.yml in Resources */,
				5794728828888F3700F3C1D8 /* Inter-ExtraLight.ttf in Resources */,
				5794728228888F3700F3C1D8 /* Inter-Medium.ttf in Resources */,
				5794729228888F3700F3C1D8 /* Images.xcassets in Resources */,
				5794728728888F3700F3C1D8 /* Inter-ExtraBold.ttf in Resources */,
				5794728428888F3700F3C1D8 /* Inter-Thin.ttf in Resources */,
				5794728528888F3700F3C1D8 /* Inter-Bold.ttf in Resources */,
				5794728928888F3700F3C1D8 /* Inter-Black.ttf in Resources */,
				5794728628888F3700F3C1D8 /* Inter-Regular.ttf in Resources */,
			);
			runOnlyForDeploymentPostprocessing = 0;
		};
/* End PBXResourcesBuildPhase section */

/* Begin PBXShellScriptBuildPhase section */
		5794729328888FA700F3C1D8 /* SwiftGen */ = {
			isa = PBXShellScriptBuildPhase;
			buildActionMask = 2147483647;
			files = (
			);
			inputFileListPaths = (
			);
			inputPaths = (
			);
			name = SwiftGen;
			outputFileListPaths = (
			);
			outputPaths = (
			);
			runOnlyForDeploymentPostprocessing = 0;
			shellPath = /bin/sh;
			shellScript = "if [[ -f \"${PODS_ROOT}/SwiftGen/bin/swiftgen\" ]]; then\n  \"${PODS_ROOT}/SwiftGen/bin/swiftgen\"\nelse\n  echo \"warning: SwiftGen is not installed. Run 'pod install --repo-update' to install it.\"\nfi\n";
		};
		AC7F0AA9EEED67196759D989 /* [CP] Check Pods Manifest.lock */ = {
			isa = PBXShellScriptBuildPhase;
			buildActionMask = 2147483647;
			files = (
			);
			inputFileListPaths = (
			);
			inputPaths = (
				"${PODS_PODFILE_DIR_PATH}/Podfile.lock",
				"${PODS_ROOT}/Manifest.lock",
			);
			name = "[CP] Check Pods Manifest.lock";
			outputFileListPaths = (
			);
			outputPaths = (
				"$(DERIVED_FILE_DIR)/Pods-UIComponents-checkManifestLockResult.txt",
			);
			runOnlyForDeploymentPostprocessing = 0;
			shellPath = /bin/sh;
			shellScript = "diff \"${PODS_PODFILE_DIR_PATH}/Podfile.lock\" \"${PODS_ROOT}/Manifest.lock\" > /dev/null\nif [ $? != 0 ] ; then\n    # print error to STDERR\n    echo \"error: The sandbox is not in sync with the Podfile.lock. Run 'pod install' or update your CocoaPods installation.\" >&2\n    exit 1\nfi\n# This output is used by Xcode 'outputs' to avoid re-running this script phase.\necho \"SUCCESS\" > \"${SCRIPT_OUTPUT_FILE_0}\"\n";
			showEnvVarsInLog = 0;
		};
/* End PBXShellScriptBuildPhase section */

/* Begin PBXSourcesBuildPhase section */
		FE7347BE27E715580019DB4F /* Sources */ = {
			isa = PBXSourcesBuildPhase;
			buildActionMask = 2147483647;
			files = (
				FE73480527E716130019DB4F /* UIView+Extensions.swift in Sources */,
				FE73480927E7164A0019DB4F /* ReusableView.swift in Sources */,
				FE73480427E716130019DB4F /* UICollectionView+Extensions.swift in Sources */,
				FE73480327E716130019DB4F /* NSMutableAttributedString+Extension.swift in Sources */,
				FE73480627E716130019DB4F /* UITableView+Extensions.swift in Sources */,
			);
			runOnlyForDeploymentPostprocessing = 0;
		};
/* End PBXSourcesBuildPhase section */

/* Begin PBXVariantGroup section */
		5794729C28888FF500F3C1D8 /* Localizable.strings */ = {
			isa = PBXVariantGroup;
			children = (
				5794729B28888FF500F3C1D8 /* en */,
				5794729D28888FFD00F3C1D8 /* tr */,
			);
			name = Localizable.strings;
			sourceTree = "<group>";
		};
/* End PBXVariantGroup section */

/* Begin XCBuildConfiguration section */
		FE7347C727E715580019DB4F /* Debug */ = {
			isa = XCBuildConfiguration;
			buildSettings = {
				ALWAYS_SEARCH_USER_PATHS = NO;
				CLANG_ANALYZER_LOCALIZABILITY_NONLOCALIZED = YES;
				CLANG_ANALYZER_NONNULL = YES;
				CLANG_ANALYZER_NUMBER_OBJECT_CONVERSION = YES_AGGRESSIVE;
				CLANG_CXX_LANGUAGE_STANDARD = "gnu++17";
				CLANG_ENABLE_MODULES = YES;
				CLANG_ENABLE_OBJC_ARC = YES;
				CLANG_ENABLE_OBJC_WEAK = YES;
				CLANG_WARN_BLOCK_CAPTURE_AUTORELEASING = YES;
				CLANG_WARN_BOOL_CONVERSION = YES;
				CLANG_WARN_COMMA = YES;
				CLANG_WARN_CONSTANT_CONVERSION = YES;
				CLANG_WARN_DEPRECATED_OBJC_IMPLEMENTATIONS = YES;
				CLANG_WARN_DIRECT_OBJC_ISA_USAGE = YES_ERROR;
				CLANG_WARN_DOCUMENTATION_COMMENTS = YES;
				CLANG_WARN_EMPTY_BODY = YES;
				CLANG_WARN_ENUM_CONVERSION = YES;
				CLANG_WARN_INFINITE_RECURSION = YES;
				CLANG_WARN_INT_CONVERSION = YES;
				CLANG_WARN_NON_LITERAL_NULL_CONVERSION = YES;
				CLANG_WARN_OBJC_IMPLICIT_RETAIN_SELF = YES;
				CLANG_WARN_OBJC_LITERAL_CONVERSION = YES;
				CLANG_WARN_OBJC_ROOT_CLASS = YES_ERROR;
				CLANG_WARN_QUOTED_INCLUDE_IN_FRAMEWORK_HEADER = YES;
				CLANG_WARN_RANGE_LOOP_ANALYSIS = YES;
				CLANG_WARN_STRICT_PROTOTYPES = YES;
				CLANG_WARN_SUSPICIOUS_MOVE = YES;
				CLANG_WARN_UNGUARDED_AVAILABILITY = YES_AGGRESSIVE;
				CLANG_WARN_UNREACHABLE_CODE = YES;
				CLANG_WARN__DUPLICATE_METHOD_MATCH = YES;
				COPY_PHASE_STRIP = NO;
				CURRENT_PROJECT_VERSION = 1;
				DEBUG_INFORMATION_FORMAT = dwarf;
				ENABLE_STRICT_OBJC_MSGSEND = YES;
				ENABLE_TESTABILITY = YES;
				GCC_C_LANGUAGE_STANDARD = gnu11;
				GCC_DYNAMIC_NO_PIC = NO;
				GCC_NO_COMMON_BLOCKS = YES;
				GCC_OPTIMIZATION_LEVEL = 0;
				GCC_PREPROCESSOR_DEFINITIONS = (
					"DEBUG=1",
					"$(inherited)",
				);
				GCC_WARN_64_TO_32_BIT_CONVERSION = YES;
				GCC_WARN_ABOUT_RETURN_TYPE = YES_ERROR;
				GCC_WARN_UNDECLARED_SELECTOR = YES;
				GCC_WARN_UNINITIALIZED_AUTOS = YES_AGGRESSIVE;
				GCC_WARN_UNUSED_FUNCTION = YES;
				GCC_WARN_UNUSED_VARIABLE = YES;
				IPHONEOS_DEPLOYMENT_TARGET = 15.4;
				MTL_ENABLE_DEBUG_INFO = INCLUDE_SOURCE;
				MTL_FAST_MATH = YES;
				ONLY_ACTIVE_ARCH = YES;
				SDKROOT = iphoneos;
				SWIFT_ACTIVE_COMPILATION_CONDITIONS = DEBUG;
				SWIFT_OPTIMIZATION_LEVEL = "-Onone";
				VERSIONING_SYSTEM = "apple-generic";
				VERSION_INFO_PREFIX = "";
			};
			name = Debug;
		};
		FE7347C827E715580019DB4F /* Release */ = {
			isa = XCBuildConfiguration;
			buildSettings = {
				ALWAYS_SEARCH_USER_PATHS = NO;
				CLANG_ANALYZER_LOCALIZABILITY_NONLOCALIZED = YES;
				CLANG_ANALYZER_NONNULL = YES;
				CLANG_ANALYZER_NUMBER_OBJECT_CONVERSION = YES_AGGRESSIVE;
				CLANG_CXX_LANGUAGE_STANDARD = "gnu++17";
				CLANG_ENABLE_MODULES = YES;
				CLANG_ENABLE_OBJC_ARC = YES;
				CLANG_ENABLE_OBJC_WEAK = YES;
				CLANG_WARN_BLOCK_CAPTURE_AUTORELEASING = YES;
				CLANG_WARN_BOOL_CONVERSION = YES;
				CLANG_WARN_COMMA = YES;
				CLANG_WARN_CONSTANT_CONVERSION = YES;
				CLANG_WARN_DEPRECATED_OBJC_IMPLEMENTATIONS = YES;
				CLANG_WARN_DIRECT_OBJC_ISA_USAGE = YES_ERROR;
				CLANG_WARN_DOCUMENTATION_COMMENTS = YES;
				CLANG_WARN_EMPTY_BODY = YES;
				CLANG_WARN_ENUM_CONVERSION = YES;
				CLANG_WARN_INFINITE_RECURSION = YES;
				CLANG_WARN_INT_CONVERSION = YES;
				CLANG_WARN_NON_LITERAL_NULL_CONVERSION = YES;
				CLANG_WARN_OBJC_IMPLICIT_RETAIN_SELF = YES;
				CLANG_WARN_OBJC_LITERAL_CONVERSION = YES;
				CLANG_WARN_OBJC_ROOT_CLASS = YES_ERROR;
				CLANG_WARN_QUOTED_INCLUDE_IN_FRAMEWORK_HEADER = YES;
				CLANG_WARN_RANGE_LOOP_ANALYSIS = YES;
				CLANG_WARN_STRICT_PROTOTYPES = YES;
				CLANG_WARN_SUSPICIOUS_MOVE = YES;
				CLANG_WARN_UNGUARDED_AVAILABILITY = YES_AGGRESSIVE;
				CLANG_WARN_UNREACHABLE_CODE = YES;
				CLANG_WARN__DUPLICATE_METHOD_MATCH = YES;
				COPY_PHASE_STRIP = NO;
				CURRENT_PROJECT_VERSION = 1;
				DEBUG_INFORMATION_FORMAT = "dwarf-with-dsym";
				ENABLE_NS_ASSERTIONS = NO;
				ENABLE_STRICT_OBJC_MSGSEND = YES;
				GCC_C_LANGUAGE_STANDARD = gnu11;
				GCC_NO_COMMON_BLOCKS = YES;
				GCC_WARN_64_TO_32_BIT_CONVERSION = YES;
				GCC_WARN_ABOUT_RETURN_TYPE = YES_ERROR;
				GCC_WARN_UNDECLARED_SELECTOR = YES;
				GCC_WARN_UNINITIALIZED_AUTOS = YES_AGGRESSIVE;
				GCC_WARN_UNUSED_FUNCTION = YES;
				GCC_WARN_UNUSED_VARIABLE = YES;
				IPHONEOS_DEPLOYMENT_TARGET = 15.4;
				MTL_ENABLE_DEBUG_INFO = NO;
				MTL_FAST_MATH = YES;
				SDKROOT = iphoneos;
				SWIFT_COMPILATION_MODE = wholemodule;
				SWIFT_OPTIMIZATION_LEVEL = "-O";
				VALIDATE_PRODUCT = YES;
				VERSIONING_SYSTEM = "apple-generic";
				VERSION_INFO_PREFIX = "";
			};
			name = Release;
		};
		FE7347CA27E715580019DB4F /* Debug */ = {
			isa = XCBuildConfiguration;
			baseConfigurationReference = 63FFBDCF860852E97C663915 /* Pods-UIComponents.debug.xcconfig */;
			buildSettings = {
				CLANG_ENABLE_MODULES = YES;
				CODE_SIGN_IDENTITY = "Apple Development";
				CODE_SIGN_STYLE = Automatic;
				CURRENT_PROJECT_VERSION = 1;
				DEFINES_MODULE = YES;
				DEVELOPMENT_TEAM = BDV42QJYTX;
				DYLIB_COMPATIBILITY_VERSION = 1;
				DYLIB_CURRENT_VERSION = 1;
				DYLIB_INSTALL_NAME_BASE = "@rpath";
				GENERATE_INFOPLIST_FILE = YES;
				INFOPLIST_FILE = UIComponents/Info.plist;
				INFOPLIST_KEY_NSHumanReadableCopyright = "";
				INSTALL_PATH = "$(LOCAL_LIBRARY_DIR)/Frameworks";
				IPHONEOS_DEPLOYMENT_TARGET = 13.0;
				LD_RUNPATH_SEARCH_PATHS = (
					"$(inherited)",
					"@executable_path/Frameworks",
					"@loader_path/Frameworks",
				);
				MARKETING_VERSION = 1.0;
				PRODUCT_BUNDLE_IDENTIFIER = testapp.UIComponents;
				PRODUCT_NAME = "$(TARGET_NAME:c99extidentifier)";
				SKIP_INSTALL = YES;
				SUPPORTS_MACCATALYST = NO;
				SWIFT_EMIT_LOC_STRINGS = YES;
				SWIFT_OPTIMIZATION_LEVEL = "-Onone";
				SWIFT_VERSION = 5.0;
				TARGETED_DEVICE_FAMILY = 1;
			};
			name = Debug;
		};
		FE7347CB27E715580019DB4F /* Release */ = {
			isa = XCBuildConfiguration;
			baseConfigurationReference = 017205D27D9379550173DA92 /* Pods-UIComponents.release.xcconfig */;
			buildSettings = {
				CLANG_ENABLE_MODULES = YES;
				CODE_SIGN_IDENTITY = "Apple Development";
				CODE_SIGN_STYLE = Automatic;
				CURRENT_PROJECT_VERSION = 1;
				DEFINES_MODULE = YES;
				DEVELOPMENT_TEAM = BDV42QJYTX;
				DYLIB_COMPATIBILITY_VERSION = 1;
				DYLIB_CURRENT_VERSION = 1;
				DYLIB_INSTALL_NAME_BASE = "@rpath";
				GENERATE_INFOPLIST_FILE = YES;
				INFOPLIST_FILE = UIComponents/Info.plist;
				INFOPLIST_KEY_NSHumanReadableCopyright = "";
				INSTALL_PATH = "$(LOCAL_LIBRARY_DIR)/Frameworks";
				IPHONEOS_DEPLOYMENT_TARGET = 13.0;
				LD_RUNPATH_SEARCH_PATHS = (
					"$(inherited)",
					"@executable_path/Frameworks",
					"@loader_path/Frameworks",
				);
				MARKETING_VERSION = 1.0;
				PRODUCT_BUNDLE_IDENTIFIER = testapp.UIComponents;
				PRODUCT_NAME = "$(TARGET_NAME:c99extidentifier)";
				SKIP_INSTALL = YES;
				SUPPORTS_MACCATALYST = NO;
				SWIFT_EMIT_LOC_STRINGS = YES;
				SWIFT_VERSION = 5.0;
				TARGETED_DEVICE_FAMILY = 1;
			};
			name = Release;
		};
/* End XCBuildConfiguration section */

/* Begin XCConfigurationList section */
		FE7347BC27E715580019DB4F /* Build configuration list for PBXProject "UIComponents" */ = {
			isa = XCConfigurationList;
			buildConfigurations = (
				FE7347C727E715580019DB4F /* Debug */,
				FE7347C827E715580019DB4F /* Release */,
			);
			defaultConfigurationIsVisible = 0;
			defaultConfigurationName = Release;
		};
		FE7347C927E715580019DB4F /* Build configuration list for PBXNativeTarget "UIComponents" */ = {
			isa = XCConfigurationList;
			buildConfigurations = (
				FE7347CA27E715580019DB4F /* Debug */,
				FE7347CB27E715580019DB4F /* Release */,
			);
			defaultConfigurationIsVisible = 0;
			defaultConfigurationName = Release;
		};
/* End XCConfigurationList section */
	};
	rootObject = FE7347B927E715580019DB4F /* Project object */;
}
